
Microsoft Visual Studio Solution File, Format Version 12.00
# Visual Studio 2012
Project("{FAE04EC0-301F-11D3-BF4B-00C04F79EFBC}") = "Orchard.Azure.Tests", "Orchard.Azure.Tests.csproj", "{1CC62F45-E6FF-43D5-84BF-509A1085D994}"
EndProject
Project("{FAE04EC0-301F-11D3-BF4B-00C04F79EFBC}") = "Orchard.Framework", "..\Orchard\Orchard.Framework.csproj", "{2D1D92BB-4555-4CBE-8D0E-63563D6CE4C6}"
EndProject
Project("{FAE04EC0-301F-11D3-BF4B-00C04F79EFBC}") = "Orchard.Azure", "..\Orchard.Web\Modules\Orchard.Azure\Orchard.Azure.csproj", "{CBC7993C-57D8-4A6C-992C-19E849DFE71D}"
EndProject
Global
	GlobalSection(SolutionConfigurationPlatforms) = preSolution
		Debug|Any CPU = Debug|Any CPU
		Release|Any CPU = Release|Any CPU
	EndGlobalSection
	GlobalSection(ProjectConfigurationPlatforms) = postSolution
		{1CC62F45-E6FF-43D5-84BF-509A1085D994}.Debug|Any CPU.ActiveCfg = Debug|Any CPU
		{1CC62F45-E6FF-43D5-84BF-509A1085D994}.Debug|Any CPU.Build.0 = Debug|Any CPU
		{1CC62F45-E6FF-43D5-84BF-509A1085D994}.Release|Any CPU.ActiveCfg = Release|Any CPU
		{1CC62F45-E6FF-43D5-84BF-509A1085D994}.Release|Any CPU.Build.0 = Release|Any CPU
		{2D1D92BB-4555-4CBE-8D0E-63563D6CE4C6}.Debug|Any CPU.ActiveCfg = Debug|Any CPU
		{2D1D92BB-4555-4CBE-8D0E-63563D6CE4C6}.Debug|Any CPU.Build.0 = Debug|Any CPU
		{2D1D92BB-4555-4CBE-8D0E-63563D6CE4C6}.Release|Any CPU.ActiveCfg = Release|Any CPU
		{2D1D92BB-4555-4CBE-8D0E-63563D6CE4C6}.Release|Any CPU.Build.0 = Release|Any CPU
		{CBC7993C-57D8-4A6C-992C-19E849DFE71D}.Debug|Any CPU.ActiveCfg = Debug|Any CPU
		{CBC7993C-57D8-4A6C-992C-19E849DFE71D}.Debug|Any CPU.Build.0 = Debug|Any CPU
		{CBC7993C-57D8-4A6C-992C-19E849DFE71D}.Release|Any CPU.ActiveCfg = Release|Any CPU
		{CBC7993C-57D8-4A6C-992C-19E849DFE71D}.Release|Any CPU.Build.0 = Release|Any CPU
	EndGlobalSection
	GlobalSection(SolutionProperties) = preSolution
		HideSolutionNode = FALSE
	EndGlobalSection
EndGlobal
