
Microsoft Visual Studio Solution File, Format Version 11.00
# Visual Studio 2010
Project("{FAE04EC0-301F-11D3-BF4B-00C04F79EFBC}") = "PackageIndexReferenceImplementation", "PackageIndexReferenceImplementation.csproj", "{8A4E42CE-79F8-4BE2-8B1E-A6B83432123B}"
EndProject
Global
	GlobalSection(SolutionConfigurationPlatforms) = preSolution
		Debug|Any CPU = Debug|Any CPU
		Release|Any CPU = Release|Any CPU
	EndGlobalSection
	GlobalSection(ProjectConfigurationPlatforms) = postSolution
		{8A4E42CE-79F8-4BE2-8B1E-A6B83432123B}.Debug|Any CPU.ActiveCfg = Debug|Any CPU
		{8A4E42CE-79F8-4BE2-8B1E-A6B83432123B}.Debug|Any CPU.Build.0 = Debug|Any CPU
		{8A4E42CE-79F8-4BE2-8B1E-A6B83432123B}.Release|Any CPU.ActiveCfg = Release|Any CPU
		{8A4E42CE-79F8-4BE2-8B1E-A6B83432123B}.Release|Any CPU.Build.0 = Release|Any CPU
	EndGlobalSection
	GlobalSection(SolutionProperties) = preSolution
		HideSolutionNode = FALSE
	EndGlobalSection
EndGlobal
