
Microsoft Visual Studio Solution File, Format Version 11.00
# Visual Studio 2010
Project("{FAE04EC0-301F-11D3-BF4B-00C04F79EFBC}") = "Orchard.ContentTypes", "Orchard.ContentTypes.csproj", "{0E7646E8-FE8F-43C1-8799-D97860925EC4}"
EndProject
Global
	GlobalSection(SolutionConfigurationPlatforms) = preSolution
		Debug|Any CPU = Debug|Any CPU
		Release|Any CPU = Release|Any CPU
	EndGlobalSection
	GlobalSection(ProjectConfigurationPlatforms) = postSolution
		{0E7646E8-FE8F-43C1-8799-D97860925EC4}.Debug|Any CPU.ActiveCfg = Debug|Any CPU
		{0E7646E8-FE8F-43C1-8799-D97860925EC4}.Debug|Any CPU.Build.0 = Debug|Any CPU
		{0E7646E8-FE8F-43C1-8799-D97860925EC4}.Release|Any CPU.ActiveCfg = Release|Any CPU
		{0E7646E8-FE8F-43C1-8799-D97860925EC4}.Release|Any CPU.Build.0 = Release|Any CPU
	EndGlobalSection
	GlobalSection(SolutionProperties) = preSolution
		HideSolutionNode = FALSE
	EndGlobalSection
EndGlobal
