
Microsoft Visual Studio Solution File, Format Version 12.00
# Visual Studio 2012
Project("{2150E333-8FDC-42A3-9474-1A3956D46DE8}") = "Modules", "Modules", "{8E3DE014-9B28-4B32-8AC1-B2BE404E9B2D}"
EndProject
Project("{2150E333-8FDC-42A3-9474-1A3956D46DE8}") = "Tools", "Tools", "{75E7476C-C05B-4C41-8E38-081D3EB55659}"
EndProject
Project("{2150E333-8FDC-42A3-9474-1A3956D46DE8}") = "Themes", "Themes", "{84650275-884D-4CBB-9CC0-67553996E211}"
EndProject
Project("{CC5FD16D-436D-48AD-A40C-5A424C6E3E79}") = "Orchard.Azure.CloudService", "Orchard.Azure.CloudService\Orchard.Azure.CloudService.ccproj", "{03C5327D-4E8E-45A7-ACD1-E18E7CAA3C4A}"
EndProject
Project("{FAE04EC0-301F-11D3-BF4B-00C04F79EFBC}") = "Orchard.Azure.Web", "Orchard.Azure.Web\Orchard.Azure.Web.csproj", "{0DF8F426-9F30-4918-8F64-A5B40BA12D10}"
EndProject
Project("{FAE04EC0-301F-11D3-BF4B-00C04F79EFBC}") = "Orchard.Azure", "Orchard.Azure.csproj", "{2505AA84-65A6-43D0-9C27-4F44FD576284}"
EndProject
Project("{FAE04EC0-301F-11D3-BF4B-00C04F79EFBC}") = "Orchard.Framework", "..\Orchard\Orchard.Framework.csproj", "{2D1D92BB-4555-4CBE-8D0E-63563D6CE4C6}"
EndProject
Project("{FAE04EC0-301F-11D3-BF4B-00C04F79EFBC}") = "Orchard.Core", "..\Orchard.Web\Core\Orchard.Core.csproj", "{9916839C-39FC-4CEB-A5AF-89CA7E87119F}"
EndProject
Project("{FAE04EC0-301F-11D3-BF4B-00C04F79EFBC}") = "Orchard.Blogs", "..\Orchard.Web\Modules\Orchard.Blogs\Orchard.Blogs.csproj", "{63FBD4D9-E1DA-4A7B-AA6A-D6074FE50867}"
EndProject
Project("{FAE04EC0-301F-11D3-BF4B-00C04F79EFBC}") = "Orchard.Comments", "..\Orchard.Web\Modules\Orchard.Comments\Orchard.Comments.csproj", "{14C049FD-B35B-415A-A824-87F26B26E7FD}"
EndProject
Project("{FAE04EC0-301F-11D3-BF4B-00C04F79EFBC}") = "Orchard.ContentTypes", "..\Orchard.Web\Modules\Orchard.ContentTypes\Orchard.ContentTypes.csproj", "{0E7646E8-FE8F-43C1-8799-D97860925EC4}"
EndProject
Project("{FAE04EC0-301F-11D3-BF4B-00C04F79EFBC}") = "Orchard.Indexing", "..\Orchard.Web\Modules\Orchard.Indexing\Orchard.Indexing.csproj", "{EA2B9121-EF54-40A6-A53E-6593C86EE696}"
EndProject
Project("{FAE04EC0-301F-11D3-BF4B-00C04F79EFBC}") = "Orchard.Media", "..\Orchard.Web\Modules\Orchard.Media\Orchard.Media.csproj", "{D9A7B330-CD22-4DA1-A95A-8DE1982AD8EB}"
EndProject
Project("{FAE04EC0-301F-11D3-BF4B-00C04F79EFBC}") = "Orchard.Modules", "..\Orchard.Web\Modules\Orchard.Modules\Orchard.Modules.csproj", "{17F86780-9A1F-4AA1-86F1-875EEC2730C7}"
EndProject
Project("{FAE04EC0-301F-11D3-BF4B-00C04F79EFBC}") = "Orchard.MultiTenancy", "..\Orchard.Web\Modules\Orchard.MultiTenancy\Orchard.MultiTenancy.csproj", "{72457126-E118-4171-A08F-9A709EE4B7FC}"
EndProject
Project("{FAE04EC0-301F-11D3-BF4B-00C04F79EFBC}") = "Orchard.Roles", "..\Orchard.Web\Modules\Orchard.Roles\Orchard.Roles.csproj", "{D10AD48F-407D-4DB5-A328-173EC7CB010F}"
EndProject
Project("{FAE04EC0-301F-11D3-BF4B-00C04F79EFBC}") = "Orchard.Search", "..\Orchard.Web\Modules\Orchard.Search\Orchard.Search.csproj", "{4BE4EB01-AC56-4048-924E-2CA77F509ABA}"
EndProject
Project("{FAE04EC0-301F-11D3-BF4B-00C04F79EFBC}") = "Orchard.Setup", "..\Orchard.Web\Modules\Orchard.Setup\Orchard.Setup.csproj", "{8C7FCBC2-E6E1-405E-BFB5-D8D9E67A09C4}"
EndProject
Project("{FAE04EC0-301F-11D3-BF4B-00C04F79EFBC}") = "Orchard.Tags", "..\Orchard.Web\Modules\Orchard.Tags\Orchard.Tags.csproj", "{5D0F00F0-26C9-4785-AD61-B85710C60EB0}"
EndProject
Project("{FAE04EC0-301F-11D3-BF4B-00C04F79EFBC}") = "Orchard.Themes", "..\Orchard.Web\Modules\Orchard.Themes\Orchard.Themes.csproj", "{CDE24A24-01D3-403C-84B9-37722E18DFB7}"
EndProject
Project("{FAE04EC0-301F-11D3-BF4B-00C04F79EFBC}") = "Orchard.Users", "..\Orchard.Web\Modules\Orchard.Users\Orchard.Users.csproj", "{79AED36E-ABD0-4747-93D3-8722B042454B}"
EndProject
Project("{FAE04EC0-301F-11D3-BF4B-00C04F79EFBC}") = "TinyMce", "..\Orchard.Web\Modules\TinyMce\TinyMce.csproj", "{954CA994-D204-468B-9D69-51F6AD3E1C29}"
EndProject
Project("{FAE04EC0-301F-11D3-BF4B-00C04F79EFBC}") = "Orchard", "..\Tools\Orchard\Orchard.csproj", "{33B1BC8D-E292-4972-A363-22056B207156}"
EndProject
Project("{FAE04EC0-301F-11D3-BF4B-00C04F79EFBC}") = "Lucene", "..\Orchard.Web\Modules\Lucene\Lucene.csproj", "{D5D447D7-EF8E-43A6-B9A4-3B025DD9F45D}"
EndProject
Project("{FAE04EC0-301F-11D3-BF4B-00C04F79EFBC}") = "Orchard.Packaging", "..\Orchard.Web\Modules\Orchard.Packaging\Orchard.Packaging.csproj", "{DFD137A2-DDB5-4D22-BE0D-FA9AD4C8B059}"
EndProject
Project("{FAE04EC0-301F-11D3-BF4B-00C04F79EFBC}") = "Orchard.CodeGeneration", "..\Orchard.Web\Modules\Orchard.CodeGeneration\Orchard.CodeGeneration.csproj", "{C0C45321-B51D-4D8D-9B7B-AA4C2E0B2962}"
EndProject
Project("{FAE04EC0-301F-11D3-BF4B-00C04F79EFBC}") = "Orchard.ArchiveLater", "..\Orchard.Web\Modules\Orchard.ArchiveLater\Orchard.ArchiveLater.csproj", "{1C981BB3-26F7-494C-9005-CC27A5144233}"
EndProject
Project("{FAE04EC0-301F-11D3-BF4B-00C04F79EFBC}") = "Orchard.Email", "..\Orchard.Web\Modules\Orchard.Email\Orchard.Email.csproj", "{05660F47-D649-48BD-9DED-DF4E01E7CFF9}"
EndProject
Project("{FAE04EC0-301F-11D3-BF4B-00C04F79EFBC}") = "Orchard.jQuery", "..\Orchard.Web\Modules\Orchard.jQuery\Orchard.jQuery.csproj", "{8F116B06-1C0E-4E4C-9A0A-D2FAB851E768}"
EndProject
Project("{FAE04EC0-301F-11D3-BF4B-00C04F79EFBC}") = "Orchard.Migrations", "..\Orchard.Web\Modules\Orchard.Migrations\Orchard.Migrations.csproj", "{EA4F1DA7-F2AB-4384-9AA4-9B756E2026B1}"
EndProject
Project("{FAE04EC0-301F-11D3-BF4B-00C04F79EFBC}") = "Orchard.Widgets", "..\Orchard.Web\Modules\Orchard.Widgets\Orchard.Widgets.csproj", "{194D3CCC-1153-474D-8176-FDE8D7D0D0BD}"
EndProject
Project("{FAE04EC0-301F-11D3-BF4B-00C04F79EFBC}") = "Themes", "..\Orchard.Web\Themes\Themes.csproj", "{CB70A642-8CEC-4DDE-8C9F-AD08900EC98D}"
EndProject
Project("{FAE04EC0-301F-11D3-BF4B-00C04F79EFBC}") = "Orchard.Localization", "..\Orchard.Web\Modules\Orchard.Localization\Orchard.Localization.csproj", "{FBC8B571-ED50-49D8-8D9D-64AB7454A0D6}"
EndProject
Project("{FAE04EC0-301F-11D3-BF4B-00C04F79EFBC}") = "Orchard.Lists", "..\Orchard.Web\Modules\Orchard.Lists\Orchard.Lists.csproj", "{137906EA-15FE-4AD8-A6A0-27528F0477D6}"
EndProject
Project("{FAE04EC0-301F-11D3-BF4B-00C04F79EFBC}") = "Orchard.Messaging", "..\Orchard.Web\Modules\Orchard.Messaging\Orchard.Messaging.csproj", "{085948FF-0E9B-4A9A-B564-F8B8B4BDDDBC}"
EndProject
Project("{FAE04EC0-301F-11D3-BF4B-00C04F79EFBC}") = "Orchard.Pages", "..\Orchard.Web\Modules\Orchard.Pages\Orchard.Pages.csproj", "{3420C92A-747F-4990-BA08-F2C9531E44AD}"
EndProject
Project("{FAE04EC0-301F-11D3-BF4B-00C04F79EFBC}") = "Orchard.PublishLater", "..\Orchard.Web\Modules\Orchard.PublishLater\Orchard.PublishLater.csproj", "{C889167C-E52C-4A65-A419-224B3D1B957D}"
EndProject
Project("{FAE04EC0-301F-11D3-BF4B-00C04F79EFBC}") = "Orchard.Scripting", "..\Orchard.Web\Modules\Orchard.Scripting\Orchard.Scripting.csproj", "{99002B65-86F7-415E-BF4A-381AA8AB9CCC}"
EndProject
Project("{FAE04EC0-301F-11D3-BF4B-00C04F79EFBC}") = "Orchard.Scripting.Dlr", "..\Orchard.Web\Modules\Orchard.Scripting.Dlr\Orchard.Scripting.Dlr.csproj", "{2AD6973D-C7BB-416E-89FE-EEE34664E05F}"
EndProject
Project("{FAE04EC0-301F-11D3-BF4B-00C04F79EFBC}") = "Orchard.DesignerTools", "..\Orchard.Web\Modules\Orchard.DesignerTools\Orchard.DesignerTools.csproj", "{4A4595EF-6C37-4F99-96ED-4AE0B9E438D3}"
EndProject
Project("{FAE04EC0-301F-11D3-BF4B-00C04F79EFBC}") = "Orchard.MediaPicker", "..\Orchard.Web\Modules\Orchard.MediaPicker\Orchard.MediaPicker.csproj", "{43D0EC0B-1955-4566-8D31-7B9102DA1703}"
EndProject
Project("{FAE04EC0-301F-11D3-BF4B-00C04F79EFBC}") = "Orchard.Recipes", "..\Orchard.Web\Modules\Orchard.Recipes\Orchard.Recipes.csproj", "{FC1D74E8-7A4D-48F4-83DE-95C6173780C4}"
EndProject
Project("{FAE04EC0-301F-11D3-BF4B-00C04F79EFBC}") = "Markdown", "..\Orchard.Web\Modules\Markdown\Markdown.csproj", "{3158C928-888C-4A84-8BC1-4A8257489538}"
EndProject
Project("{FAE04EC0-301F-11D3-BF4B-00C04F79EFBC}") = "Orchard.Forms", "..\Orchard.Web\Modules\Orchard.Forms\Orchard.Forms.csproj", "{642A49D7-8752-4177-80D6-BFBBCFAD3DE0}"
EndProject
Project("{FAE04EC0-301F-11D3-BF4B-00C04F79EFBC}") = "Orchard.Tokens", "..\Orchard.Web\Modules\Orchard.Tokens\Orchard.Tokens.csproj", "{6F759635-13D7-4E94-BCC9-80445D63F117}"
EndProject
Project("{FAE04EC0-301F-11D3-BF4B-00C04F79EFBC}") = "Orchard.Rules", "..\Orchard.Web\Modules\Orchard.Rules\Orchard.Rules.csproj", "{966EC390-3C7F-4D98-92A6-F0F30D02E9B1}"
EndProject
Project("{FAE04EC0-301F-11D3-BF4B-00C04F79EFBC}") = "Orchard.TaskLease", "..\Orchard.Web\Modules\Orchard.TaskLease\Orchard.TaskLease.csproj", "{3F72A4E9-7B72-4260-B010-C16EC54F9BAF}"
EndProject
Project("{FAE04EC0-301F-11D3-BF4B-00C04F79EFBC}") = "Orchard.Alias", "..\Orchard.Web\Modules\Orchard.Alias\Orchard.Alias.csproj", "{475B6C45-B27C-438B-8966-908B9D6D1077}"
EndProject
Project("{FAE04EC0-301F-11D3-BF4B-00C04F79EFBC}") = "Orchard.Autoroute", "..\Orchard.Web\Modules\Orchard.Autoroute\Orchard.Autoroute.csproj", "{66FCCD76-2761-47E3-8D11-B45D0001DDAA}"
EndProject
Project("{FAE04EC0-301F-11D3-BF4B-00C04F79EFBC}") = "Orchard.Fields", "..\Orchard.Web\Modules\Orchard.Fields\Orchard.Fields.csproj", "{3787DDE5-E5C8-4841-BDA7-DCB325388064}"
EndProject
Project("{FAE04EC0-301F-11D3-BF4B-00C04F79EFBC}") = "Orchard.Projections", "..\Orchard.Web\Modules\Orchard.Projections\Orchard.Projections.csproj", "{5531E894-D259-45A3-AA61-26DBE720C1CE}"
EndProject
Project("{FAE04EC0-301F-11D3-BF4B-00C04F79EFBC}") = "Orchard.AntiSpam", "..\Orchard.Web\Modules\Orchard.AntiSpam\Orchard.AntiSpam.csproj", "{91BC2E7F-DA04-421C-98EF-76D37CEC130C}"
EndProject
Project("{FAE04EC0-301F-11D3-BF4B-00C04F79EFBC}") = "Orchard.ContentPermissions", "..\Orchard.Web\Modules\Orchard.ContentPermissions\Orchard.ContentPermissions.csproj", "{E826F796-8CE3-4B5B-8423-5AA5F81D2FC3}"
EndProject
Project("{FAE04EC0-301F-11D3-BF4B-00C04F79EFBC}") = "Orchard.CustomForms", "..\Orchard.Web\Modules\Orchard.CustomForms\Orchard.CustomForms.csproj", "{2CF067CA-064B-43C6-8B88-5E3B99A65F1D}"
EndProject
Project("{FAE04EC0-301F-11D3-BF4B-00C04F79EFBC}") = "Orchard.ContentPicker", "..\Orchard.Web\Modules\Orchard.ContentPicker\Orchard.ContentPicker.csproj", "{F301EF7D-F19C-4D83-AA94-CB64F29C037D}"
EndProject
Project("{FAE04EC0-301F-11D3-BF4B-00C04F79EFBC}") = "Orchard.ImportExport", "..\Orchard.Web\Modules\Orchard.ImportExport\Orchard.ImportExport.csproj", "{FE5C5947-D2D5-42C5-992A-13D672946135}"
EndProject
Project("{FAE04EC0-301F-11D3-BF4B-00C04F79EFBC}") = "Orchard.Warmup", "..\Orchard.Web\Modules\Orchard.Warmup\Orchard.Warmup.csproj", "{9CD5C81F-5828-4384-8474-2E2BE71D5EDD}"
EndProject
Project("{FAE04EC0-301F-11D3-BF4B-00C04F79EFBC}") = "SysCache", "..\Orchard.Web\Modules\SysCache\SysCache.csproj", "{3BD22132-D538-48C6-8854-F71333C798EB}"
EndProject
Project("{FAE04EC0-301F-11D3-BF4B-00C04F79EFBC}") = "UpgradeTo16", "..\Orchard.Web\Modules\UpgradeTo16\UpgradeTo16.csproj", "{8A9FDB57-342D-49C2-BAFC-D885AAE5CC7C}"
EndProject
Global
	GlobalSection(SolutionConfigurationPlatforms) = preSolution
		Debug|Any CPU = Debug|Any CPU
		Release|Any CPU = Release|Any CPU
	EndGlobalSection
	GlobalSection(ProjectConfigurationPlatforms) = postSolution
		{03C5327D-4E8E-45A7-ACD1-E18E7CAA3C4A}.Debug|Any CPU.ActiveCfg = Debug|Any CPU
		{03C5327D-4E8E-45A7-ACD1-E18E7CAA3C4A}.Debug|Any CPU.Build.0 = Debug|Any CPU
		{03C5327D-4E8E-45A7-ACD1-E18E7CAA3C4A}.Release|Any CPU.ActiveCfg = Release|Any CPU
		{03C5327D-4E8E-45A7-ACD1-E18E7CAA3C4A}.Release|Any CPU.Build.0 = Release|Any CPU
		{0DF8F426-9F30-4918-8F64-A5B40BA12D10}.Debug|Any CPU.ActiveCfg = Debug|Any CPU
		{0DF8F426-9F30-4918-8F64-A5B40BA12D10}.Debug|Any CPU.Build.0 = Debug|Any CPU
		{0DF8F426-9F30-4918-8F64-A5B40BA12D10}.Release|Any CPU.ActiveCfg = Release|Any CPU
		{0DF8F426-9F30-4918-8F64-A5B40BA12D10}.Release|Any CPU.Build.0 = Release|Any CPU
		{2505AA84-65A6-43D0-9C27-4F44FD576284}.Debug|Any CPU.ActiveCfg = Debug|Any CPU
		{2505AA84-65A6-43D0-9C27-4F44FD576284}.Debug|Any CPU.Build.0 = Debug|Any CPU
		{2505AA84-65A6-43D0-9C27-4F44FD576284}.Release|Any CPU.ActiveCfg = Release|Any CPU
		{2505AA84-65A6-43D0-9C27-4F44FD576284}.Release|Any CPU.Build.0 = Release|Any CPU
		{2D1D92BB-4555-4CBE-8D0E-63563D6CE4C6}.Debug|Any CPU.ActiveCfg = Debug|Any CPU
		{2D1D92BB-4555-4CBE-8D0E-63563D6CE4C6}.Debug|Any CPU.Build.0 = Debug|Any CPU
		{2D1D92BB-4555-4CBE-8D0E-63563D6CE4C6}.Release|Any CPU.ActiveCfg = Release|Any CPU
		{2D1D92BB-4555-4CBE-8D0E-63563D6CE4C6}.Release|Any CPU.Build.0 = Release|Any CPU
		{9916839C-39FC-4CEB-A5AF-89CA7E87119F}.Debug|Any CPU.ActiveCfg = Debug|Any CPU
		{9916839C-39FC-4CEB-A5AF-89CA7E87119F}.Debug|Any CPU.Build.0 = Debug|Any CPU
		{9916839C-39FC-4CEB-A5AF-89CA7E87119F}.Release|Any CPU.ActiveCfg = Release|Any CPU
		{9916839C-39FC-4CEB-A5AF-89CA7E87119F}.Release|Any CPU.Build.0 = Release|Any CPU
		{63FBD4D9-E1DA-4A7B-AA6A-D6074FE50867}.Debug|Any CPU.ActiveCfg = Debug|Any CPU
		{63FBD4D9-E1DA-4A7B-AA6A-D6074FE50867}.Debug|Any CPU.Build.0 = Debug|Any CPU
		{63FBD4D9-E1DA-4A7B-AA6A-D6074FE50867}.Release|Any CPU.ActiveCfg = Release|Any CPU
		{63FBD4D9-E1DA-4A7B-AA6A-D6074FE50867}.Release|Any CPU.Build.0 = Release|Any CPU
		{14C049FD-B35B-415A-A824-87F26B26E7FD}.Debug|Any CPU.ActiveCfg = Debug|Any CPU
		{14C049FD-B35B-415A-A824-87F26B26E7FD}.Debug|Any CPU.Build.0 = Debug|Any CPU
		{14C049FD-B35B-415A-A824-87F26B26E7FD}.Release|Any CPU.ActiveCfg = Release|Any CPU
		{14C049FD-B35B-415A-A824-87F26B26E7FD}.Release|Any CPU.Build.0 = Release|Any CPU
		{0E7646E8-FE8F-43C1-8799-D97860925EC4}.Debug|Any CPU.ActiveCfg = Debug|Any CPU
		{0E7646E8-FE8F-43C1-8799-D97860925EC4}.Debug|Any CPU.Build.0 = Debug|Any CPU
		{0E7646E8-FE8F-43C1-8799-D97860925EC4}.Release|Any CPU.ActiveCfg = Release|Any CPU
		{0E7646E8-FE8F-43C1-8799-D97860925EC4}.Release|Any CPU.Build.0 = Release|Any CPU
		{EA2B9121-EF54-40A6-A53E-6593C86EE696}.Debug|Any CPU.ActiveCfg = Debug|Any CPU
		{EA2B9121-EF54-40A6-A53E-6593C86EE696}.Debug|Any CPU.Build.0 = Debug|Any CPU
		{EA2B9121-EF54-40A6-A53E-6593C86EE696}.Release|Any CPU.ActiveCfg = Release|Any CPU
		{EA2B9121-EF54-40A6-A53E-6593C86EE696}.Release|Any CPU.Build.0 = Release|Any CPU
		{D9A7B330-CD22-4DA1-A95A-8DE1982AD8EB}.Debug|Any CPU.ActiveCfg = Debug|Any CPU
		{D9A7B330-CD22-4DA1-A95A-8DE1982AD8EB}.Debug|Any CPU.Build.0 = Debug|Any CPU
		{D9A7B330-CD22-4DA1-A95A-8DE1982AD8EB}.Release|Any CPU.ActiveCfg = Release|Any CPU
		{D9A7B330-CD22-4DA1-A95A-8DE1982AD8EB}.Release|Any CPU.Build.0 = Release|Any CPU
		{17F86780-9A1F-4AA1-86F1-875EEC2730C7}.Debug|Any CPU.ActiveCfg = Debug|Any CPU
		{17F86780-9A1F-4AA1-86F1-875EEC2730C7}.Debug|Any CPU.Build.0 = Debug|Any CPU
		{17F86780-9A1F-4AA1-86F1-875EEC2730C7}.Release|Any CPU.ActiveCfg = Release|Any CPU
		{17F86780-9A1F-4AA1-86F1-875EEC2730C7}.Release|Any CPU.Build.0 = Release|Any CPU
		{72457126-E118-4171-A08F-9A709EE4B7FC}.Debug|Any CPU.ActiveCfg = Debug|Any CPU
		{72457126-E118-4171-A08F-9A709EE4B7FC}.Debug|Any CPU.Build.0 = Debug|Any CPU
		{72457126-E118-4171-A08F-9A709EE4B7FC}.Release|Any CPU.ActiveCfg = Release|Any CPU
		{72457126-E118-4171-A08F-9A709EE4B7FC}.Release|Any CPU.Build.0 = Release|Any CPU
		{D10AD48F-407D-4DB5-A328-173EC7CB010F}.Debug|Any CPU.ActiveCfg = Debug|Any CPU
		{D10AD48F-407D-4DB5-A328-173EC7CB010F}.Debug|Any CPU.Build.0 = Debug|Any CPU
		{D10AD48F-407D-4DB5-A328-173EC7CB010F}.Release|Any CPU.ActiveCfg = Release|Any CPU
		{D10AD48F-407D-4DB5-A328-173EC7CB010F}.Release|Any CPU.Build.0 = Release|Any CPU
		{4BE4EB01-AC56-4048-924E-2CA77F509ABA}.Debug|Any CPU.ActiveCfg = Debug|Any CPU
		{4BE4EB01-AC56-4048-924E-2CA77F509ABA}.Debug|Any CPU.Build.0 = Debug|Any CPU
		{4BE4EB01-AC56-4048-924E-2CA77F509ABA}.Release|Any CPU.ActiveCfg = Release|Any CPU
		{4BE4EB01-AC56-4048-924E-2CA77F509ABA}.Release|Any CPU.Build.0 = Release|Any CPU
		{8C7FCBC2-E6E1-405E-BFB5-D8D9E67A09C4}.Debug|Any CPU.ActiveCfg = Debug|Any CPU
		{8C7FCBC2-E6E1-405E-BFB5-D8D9E67A09C4}.Debug|Any CPU.Build.0 = Debug|Any CPU
		{8C7FCBC2-E6E1-405E-BFB5-D8D9E67A09C4}.Release|Any CPU.ActiveCfg = Release|Any CPU
		{8C7FCBC2-E6E1-405E-BFB5-D8D9E67A09C4}.Release|Any CPU.Build.0 = Release|Any CPU
		{5D0F00F0-26C9-4785-AD61-B85710C60EB0}.Debug|Any CPU.ActiveCfg = Debug|Any CPU
		{5D0F00F0-26C9-4785-AD61-B85710C60EB0}.Debug|Any CPU.Build.0 = Debug|Any CPU
		{5D0F00F0-26C9-4785-AD61-B85710C60EB0}.Release|Any CPU.ActiveCfg = Release|Any CPU
		{5D0F00F0-26C9-4785-AD61-B85710C60EB0}.Release|Any CPU.Build.0 = Release|Any CPU
		{CDE24A24-01D3-403C-84B9-37722E18DFB7}.Debug|Any CPU.ActiveCfg = Debug|Any CPU
		{CDE24A24-01D3-403C-84B9-37722E18DFB7}.Debug|Any CPU.Build.0 = Debug|Any CPU
		{CDE24A24-01D3-403C-84B9-37722E18DFB7}.Release|Any CPU.ActiveCfg = Release|Any CPU
		{CDE24A24-01D3-403C-84B9-37722E18DFB7}.Release|Any CPU.Build.0 = Release|Any CPU
		{79AED36E-ABD0-4747-93D3-8722B042454B}.Debug|Any CPU.ActiveCfg = Debug|Any CPU
		{79AED36E-ABD0-4747-93D3-8722B042454B}.Debug|Any CPU.Build.0 = Debug|Any CPU
		{79AED36E-ABD0-4747-93D3-8722B042454B}.Release|Any CPU.ActiveCfg = Release|Any CPU
		{79AED36E-ABD0-4747-93D3-8722B042454B}.Release|Any CPU.Build.0 = Release|Any CPU
		{954CA994-D204-468B-9D69-51F6AD3E1C29}.Debug|Any CPU.ActiveCfg = Debug|Any CPU
		{954CA994-D204-468B-9D69-51F6AD3E1C29}.Debug|Any CPU.Build.0 = Debug|Any CPU
		{954CA994-D204-468B-9D69-51F6AD3E1C29}.Release|Any CPU.ActiveCfg = Release|Any CPU
		{954CA994-D204-468B-9D69-51F6AD3E1C29}.Release|Any CPU.Build.0 = Release|Any CPU
		{33B1BC8D-E292-4972-A363-22056B207156}.Debug|Any CPU.ActiveCfg = Debug|Any CPU
		{33B1BC8D-E292-4972-A363-22056B207156}.Debug|Any CPU.Build.0 = Debug|Any CPU
		{33B1BC8D-E292-4972-A363-22056B207156}.Release|Any CPU.ActiveCfg = Release|Any CPU
		{33B1BC8D-E292-4972-A363-22056B207156}.Release|Any CPU.Build.0 = Release|Any CPU
		{D5D447D7-EF8E-43A6-B9A4-3B025DD9F45D}.Debug|Any CPU.ActiveCfg = Debug|Any CPU
		{D5D447D7-EF8E-43A6-B9A4-3B025DD9F45D}.Debug|Any CPU.Build.0 = Debug|Any CPU
		{D5D447D7-EF8E-43A6-B9A4-3B025DD9F45D}.Release|Any CPU.ActiveCfg = Release|Any CPU
		{D5D447D7-EF8E-43A6-B9A4-3B025DD9F45D}.Release|Any CPU.Build.0 = Release|Any CPU
		{DFD137A2-DDB5-4D22-BE0D-FA9AD4C8B059}.Debug|Any CPU.ActiveCfg = Debug|Any CPU
		{DFD137A2-DDB5-4D22-BE0D-FA9AD4C8B059}.Debug|Any CPU.Build.0 = Debug|Any CPU
		{DFD137A2-DDB5-4D22-BE0D-FA9AD4C8B059}.Release|Any CPU.ActiveCfg = Release|Any CPU
		{DFD137A2-DDB5-4D22-BE0D-FA9AD4C8B059}.Release|Any CPU.Build.0 = Release|Any CPU
		{C0C45321-B51D-4D8D-9B7B-AA4C2E0B2962}.Debug|Any CPU.ActiveCfg = Debug|Any CPU
		{C0C45321-B51D-4D8D-9B7B-AA4C2E0B2962}.Debug|Any CPU.Build.0 = Debug|Any CPU
		{C0C45321-B51D-4D8D-9B7B-AA4C2E0B2962}.Release|Any CPU.ActiveCfg = Release|Any CPU
		{C0C45321-B51D-4D8D-9B7B-AA4C2E0B2962}.Release|Any CPU.Build.0 = Release|Any CPU
		{1C981BB3-26F7-494C-9005-CC27A5144233}.Debug|Any CPU.ActiveCfg = Debug|Any CPU
		{1C981BB3-26F7-494C-9005-CC27A5144233}.Debug|Any CPU.Build.0 = Debug|Any CPU
		{1C981BB3-26F7-494C-9005-CC27A5144233}.Release|Any CPU.ActiveCfg = Release|Any CPU
		{1C981BB3-26F7-494C-9005-CC27A5144233}.Release|Any CPU.Build.0 = Release|Any CPU
		{05660F47-D649-48BD-9DED-DF4E01E7CFF9}.Debug|Any CPU.ActiveCfg = Debug|Any CPU
		{05660F47-D649-48BD-9DED-DF4E01E7CFF9}.Debug|Any CPU.Build.0 = Debug|Any CPU
		{05660F47-D649-48BD-9DED-DF4E01E7CFF9}.Release|Any CPU.ActiveCfg = Release|Any CPU
		{05660F47-D649-48BD-9DED-DF4E01E7CFF9}.Release|Any CPU.Build.0 = Release|Any CPU
		{8F116B06-1C0E-4E4C-9A0A-D2FAB851E768}.Debug|Any CPU.ActiveCfg = Debug|Any CPU
		{8F116B06-1C0E-4E4C-9A0A-D2FAB851E768}.Debug|Any CPU.Build.0 = Debug|Any CPU
		{8F116B06-1C0E-4E4C-9A0A-D2FAB851E768}.Release|Any CPU.ActiveCfg = Release|Any CPU
		{8F116B06-1C0E-4E4C-9A0A-D2FAB851E768}.Release|Any CPU.Build.0 = Release|Any CPU
		{EA4F1DA7-F2AB-4384-9AA4-9B756E2026B1}.Debug|Any CPU.ActiveCfg = Debug|Any CPU
		{EA4F1DA7-F2AB-4384-9AA4-9B756E2026B1}.Debug|Any CPU.Build.0 = Debug|Any CPU
		{EA4F1DA7-F2AB-4384-9AA4-9B756E2026B1}.Release|Any CPU.ActiveCfg = Release|Any CPU
		{EA4F1DA7-F2AB-4384-9AA4-9B756E2026B1}.Release|Any CPU.Build.0 = Release|Any CPU
		{194D3CCC-1153-474D-8176-FDE8D7D0D0BD}.Debug|Any CPU.ActiveCfg = Debug|Any CPU
		{194D3CCC-1153-474D-8176-FDE8D7D0D0BD}.Debug|Any CPU.Build.0 = Debug|Any CPU
		{194D3CCC-1153-474D-8176-FDE8D7D0D0BD}.Release|Any CPU.ActiveCfg = Release|Any CPU
		{194D3CCC-1153-474D-8176-FDE8D7D0D0BD}.Release|Any CPU.Build.0 = Release|Any CPU
		{CB70A642-8CEC-4DDE-8C9F-AD08900EC98D}.Debug|Any CPU.ActiveCfg = Debug|Any CPU
		{CB70A642-8CEC-4DDE-8C9F-AD08900EC98D}.Debug|Any CPU.Build.0 = Debug|Any CPU
		{CB70A642-8CEC-4DDE-8C9F-AD08900EC98D}.Release|Any CPU.ActiveCfg = Release|Any CPU
		{CB70A642-8CEC-4DDE-8C9F-AD08900EC98D}.Release|Any CPU.Build.0 = Release|Any CPU
		{FBC8B571-ED50-49D8-8D9D-64AB7454A0D6}.Debug|Any CPU.ActiveCfg = Debug|Any CPU
		{FBC8B571-ED50-49D8-8D9D-64AB7454A0D6}.Debug|Any CPU.Build.0 = Debug|Any CPU
		{FBC8B571-ED50-49D8-8D9D-64AB7454A0D6}.Release|Any CPU.ActiveCfg = Release|Any CPU
		{FBC8B571-ED50-49D8-8D9D-64AB7454A0D6}.Release|Any CPU.Build.0 = Release|Any CPU
		{137906EA-15FE-4AD8-A6A0-27528F0477D6}.Debug|Any CPU.ActiveCfg = Debug|Any CPU
		{137906EA-15FE-4AD8-A6A0-27528F0477D6}.Debug|Any CPU.Build.0 = Debug|Any CPU
		{137906EA-15FE-4AD8-A6A0-27528F0477D6}.Release|Any CPU.ActiveCfg = Release|Any CPU
		{137906EA-15FE-4AD8-A6A0-27528F0477D6}.Release|Any CPU.Build.0 = Release|Any CPU
		{085948FF-0E9B-4A9A-B564-F8B8B4BDDDBC}.Debug|Any CPU.ActiveCfg = Debug|Any CPU
		{085948FF-0E9B-4A9A-B564-F8B8B4BDDDBC}.Debug|Any CPU.Build.0 = Debug|Any CPU
		{085948FF-0E9B-4A9A-B564-F8B8B4BDDDBC}.Release|Any CPU.ActiveCfg = Release|Any CPU
		{085948FF-0E9B-4A9A-B564-F8B8B4BDDDBC}.Release|Any CPU.Build.0 = Release|Any CPU
		{3420C92A-747F-4990-BA08-F2C9531E44AD}.Debug|Any CPU.ActiveCfg = Debug|Any CPU
		{3420C92A-747F-4990-BA08-F2C9531E44AD}.Debug|Any CPU.Build.0 = Debug|Any CPU
		{3420C92A-747F-4990-BA08-F2C9531E44AD}.Release|Any CPU.ActiveCfg = Release|Any CPU
		{3420C92A-747F-4990-BA08-F2C9531E44AD}.Release|Any CPU.Build.0 = Release|Any CPU
		{C889167C-E52C-4A65-A419-224B3D1B957D}.Debug|Any CPU.ActiveCfg = Debug|Any CPU
		{C889167C-E52C-4A65-A419-224B3D1B957D}.Debug|Any CPU.Build.0 = Debug|Any CPU
		{C889167C-E52C-4A65-A419-224B3D1B957D}.Release|Any CPU.ActiveCfg = Release|Any CPU
		{C889167C-E52C-4A65-A419-224B3D1B957D}.Release|Any CPU.Build.0 = Release|Any CPU
		{99002B65-86F7-415E-BF4A-381AA8AB9CCC}.Debug|Any CPU.ActiveCfg = Debug|Any CPU
		{99002B65-86F7-415E-BF4A-381AA8AB9CCC}.Debug|Any CPU.Build.0 = Debug|Any CPU
		{99002B65-86F7-415E-BF4A-381AA8AB9CCC}.Release|Any CPU.ActiveCfg = Release|Any CPU
		{99002B65-86F7-415E-BF4A-381AA8AB9CCC}.Release|Any CPU.Build.0 = Release|Any CPU
		{2AD6973D-C7BB-416E-89FE-EEE34664E05F}.Debug|Any CPU.ActiveCfg = Debug|Any CPU
		{2AD6973D-C7BB-416E-89FE-EEE34664E05F}.Debug|Any CPU.Build.0 = Debug|Any CPU
		{2AD6973D-C7BB-416E-89FE-EEE34664E05F}.Release|Any CPU.ActiveCfg = Release|Any CPU
		{2AD6973D-C7BB-416E-89FE-EEE34664E05F}.Release|Any CPU.Build.0 = Release|Any CPU
		{4A4595EF-6C37-4F99-96ED-4AE0B9E438D3}.Debug|Any CPU.ActiveCfg = Debug|Any CPU
		{4A4595EF-6C37-4F99-96ED-4AE0B9E438D3}.Debug|Any CPU.Build.0 = Debug|Any CPU
		{4A4595EF-6C37-4F99-96ED-4AE0B9E438D3}.Release|Any CPU.ActiveCfg = Release|Any CPU
		{4A4595EF-6C37-4F99-96ED-4AE0B9E438D3}.Release|Any CPU.Build.0 = Release|Any CPU
		{43D0EC0B-1955-4566-8D31-7B9102DA1703}.Debug|Any CPU.ActiveCfg = Debug|Any CPU
		{43D0EC0B-1955-4566-8D31-7B9102DA1703}.Debug|Any CPU.Build.0 = Debug|Any CPU
		{43D0EC0B-1955-4566-8D31-7B9102DA1703}.Release|Any CPU.ActiveCfg = Release|Any CPU
		{43D0EC0B-1955-4566-8D31-7B9102DA1703}.Release|Any CPU.Build.0 = Release|Any CPU
		{FC1D74E8-7A4D-48F4-83DE-95C6173780C4}.Debug|Any CPU.ActiveCfg = Debug|Any CPU
		{FC1D74E8-7A4D-48F4-83DE-95C6173780C4}.Debug|Any CPU.Build.0 = Debug|Any CPU
		{FC1D74E8-7A4D-48F4-83DE-95C6173780C4}.Release|Any CPU.ActiveCfg = Release|Any CPU
		{FC1D74E8-7A4D-48F4-83DE-95C6173780C4}.Release|Any CPU.Build.0 = Release|Any CPU
		{3158C928-888C-4A84-8BC1-4A8257489538}.Debug|Any CPU.ActiveCfg = Debug|Any CPU
		{3158C928-888C-4A84-8BC1-4A8257489538}.Debug|Any CPU.Build.0 = Debug|Any CPU
		{3158C928-888C-4A84-8BC1-4A8257489538}.Release|Any CPU.ActiveCfg = Release|Any CPU
		{3158C928-888C-4A84-8BC1-4A8257489538}.Release|Any CPU.Build.0 = Release|Any CPU
		{642A49D7-8752-4177-80D6-BFBBCFAD3DE0}.Debug|Any CPU.ActiveCfg = Debug|Any CPU
		{642A49D7-8752-4177-80D6-BFBBCFAD3DE0}.Debug|Any CPU.Build.0 = Debug|Any CPU
		{642A49D7-8752-4177-80D6-BFBBCFAD3DE0}.Release|Any CPU.ActiveCfg = Release|Any CPU
		{642A49D7-8752-4177-80D6-BFBBCFAD3DE0}.Release|Any CPU.Build.0 = Release|Any CPU
		{6F759635-13D7-4E94-BCC9-80445D63F117}.Debug|Any CPU.ActiveCfg = Debug|Any CPU
		{6F759635-13D7-4E94-BCC9-80445D63F117}.Debug|Any CPU.Build.0 = Debug|Any CPU
		{6F759635-13D7-4E94-BCC9-80445D63F117}.Release|Any CPU.ActiveCfg = Release|Any CPU
		{6F759635-13D7-4E94-BCC9-80445D63F117}.Release|Any CPU.Build.0 = Release|Any CPU
		{966EC390-3C7F-4D98-92A6-F0F30D02E9B1}.Debug|Any CPU.ActiveCfg = Debug|Any CPU
		{966EC390-3C7F-4D98-92A6-F0F30D02E9B1}.Debug|Any CPU.Build.0 = Debug|Any CPU
		{966EC390-3C7F-4D98-92A6-F0F30D02E9B1}.Release|Any CPU.ActiveCfg = Release|Any CPU
		{966EC390-3C7F-4D98-92A6-F0F30D02E9B1}.Release|Any CPU.Build.0 = Release|Any CPU
		{3F72A4E9-7B72-4260-B010-C16EC54F9BAF}.Debug|Any CPU.ActiveCfg = Debug|Any CPU
		{3F72A4E9-7B72-4260-B010-C16EC54F9BAF}.Debug|Any CPU.Build.0 = Debug|Any CPU
		{3F72A4E9-7B72-4260-B010-C16EC54F9BAF}.Release|Any CPU.ActiveCfg = Release|Any CPU
		{3F72A4E9-7B72-4260-B010-C16EC54F9BAF}.Release|Any CPU.Build.0 = Release|Any CPU
		{475B6C45-B27C-438B-8966-908B9D6D1077}.Debug|Any CPU.ActiveCfg = Debug|Any CPU
		{475B6C45-B27C-438B-8966-908B9D6D1077}.Debug|Any CPU.Build.0 = Debug|Any CPU
		{475B6C45-B27C-438B-8966-908B9D6D1077}.Release|Any CPU.ActiveCfg = Release|Any CPU
		{475B6C45-B27C-438B-8966-908B9D6D1077}.Release|Any CPU.Build.0 = Release|Any CPU
		{66FCCD76-2761-47E3-8D11-B45D0001DDAA}.Debug|Any CPU.ActiveCfg = Debug|Any CPU
		{66FCCD76-2761-47E3-8D11-B45D0001DDAA}.Debug|Any CPU.Build.0 = Debug|Any CPU
		{66FCCD76-2761-47E3-8D11-B45D0001DDAA}.Release|Any CPU.ActiveCfg = Release|Any CPU
		{66FCCD76-2761-47E3-8D11-B45D0001DDAA}.Release|Any CPU.Build.0 = Release|Any CPU
		{3787DDE5-E5C8-4841-BDA7-DCB325388064}.Debug|Any CPU.ActiveCfg = Debug|Any CPU
		{3787DDE5-E5C8-4841-BDA7-DCB325388064}.Debug|Any CPU.Build.0 = Debug|Any CPU
		{3787DDE5-E5C8-4841-BDA7-DCB325388064}.Release|Any CPU.ActiveCfg = Release|Any CPU
		{3787DDE5-E5C8-4841-BDA7-DCB325388064}.Release|Any CPU.Build.0 = Release|Any CPU
		{5531E894-D259-45A3-AA61-26DBE720C1CE}.Debug|Any CPU.ActiveCfg = Debug|Any CPU
		{5531E894-D259-45A3-AA61-26DBE720C1CE}.Debug|Any CPU.Build.0 = Debug|Any CPU
		{5531E894-D259-45A3-AA61-26DBE720C1CE}.Release|Any CPU.ActiveCfg = Release|Any CPU
		{5531E894-D259-45A3-AA61-26DBE720C1CE}.Release|Any CPU.Build.0 = Release|Any CPU
		{91BC2E7F-DA04-421C-98EF-76D37CEC130C}.Debug|Any CPU.ActiveCfg = Debug|Any CPU
		{91BC2E7F-DA04-421C-98EF-76D37CEC130C}.Debug|Any CPU.Build.0 = Debug|Any CPU
		{91BC2E7F-DA04-421C-98EF-76D37CEC130C}.Release|Any CPU.ActiveCfg = Release|Any CPU
		{91BC2E7F-DA04-421C-98EF-76D37CEC130C}.Release|Any CPU.Build.0 = Release|Any CPU
		{E826F796-8CE3-4B5B-8423-5AA5F81D2FC3}.Debug|Any CPU.ActiveCfg = Debug|Any CPU
		{E826F796-8CE3-4B5B-8423-5AA5F81D2FC3}.Debug|Any CPU.Build.0 = Debug|Any CPU
		{E826F796-8CE3-4B5B-8423-5AA5F81D2FC3}.Release|Any CPU.ActiveCfg = Release|Any CPU
		{E826F796-8CE3-4B5B-8423-5AA5F81D2FC3}.Release|Any CPU.Build.0 = Release|Any CPU
		{2CF067CA-064B-43C6-8B88-5E3B99A65F1D}.Debug|Any CPU.ActiveCfg = Debug|Any CPU
		{2CF067CA-064B-43C6-8B88-5E3B99A65F1D}.Debug|Any CPU.Build.0 = Debug|Any CPU
		{2CF067CA-064B-43C6-8B88-5E3B99A65F1D}.Release|Any CPU.ActiveCfg = Release|Any CPU
		{2CF067CA-064B-43C6-8B88-5E3B99A65F1D}.Release|Any CPU.Build.0 = Release|Any CPU
		{F301EF7D-F19C-4D83-AA94-CB64F29C037D}.Debug|Any CPU.ActiveCfg = Debug|Any CPU
		{F301EF7D-F19C-4D83-AA94-CB64F29C037D}.Debug|Any CPU.Build.0 = Debug|Any CPU
		{F301EF7D-F19C-4D83-AA94-CB64F29C037D}.Release|Any CPU.ActiveCfg = Release|Any CPU
		{F301EF7D-F19C-4D83-AA94-CB64F29C037D}.Release|Any CPU.Build.0 = Release|Any CPU
		{FE5C5947-D2D5-42C5-992A-13D672946135}.Debug|Any CPU.ActiveCfg = Debug|Any CPU
		{FE5C5947-D2D5-42C5-992A-13D672946135}.Debug|Any CPU.Build.0 = Debug|Any CPU
		{FE5C5947-D2D5-42C5-992A-13D672946135}.Release|Any CPU.ActiveCfg = Release|Any CPU
		{FE5C5947-D2D5-42C5-992A-13D672946135}.Release|Any CPU.Build.0 = Release|Any CPU
		{9CD5C81F-5828-4384-8474-2E2BE71D5EDD}.Debug|Any CPU.ActiveCfg = Debug|Any CPU
		{9CD5C81F-5828-4384-8474-2E2BE71D5EDD}.Debug|Any CPU.Build.0 = Debug|Any CPU
		{9CD5C81F-5828-4384-8474-2E2BE71D5EDD}.Release|Any CPU.ActiveCfg = Release|Any CPU
		{9CD5C81F-5828-4384-8474-2E2BE71D5EDD}.Release|Any CPU.Build.0 = Release|Any CPU
		{3BD22132-D538-48C6-8854-F71333C798EB}.Debug|Any CPU.ActiveCfg = Debug|Any CPU
		{3BD22132-D538-48C6-8854-F71333C798EB}.Debug|Any CPU.Build.0 = Debug|Any CPU
		{3BD22132-D538-48C6-8854-F71333C798EB}.Release|Any CPU.ActiveCfg = Release|Any CPU
		{3BD22132-D538-48C6-8854-F71333C798EB}.Release|Any CPU.Build.0 = Release|Any CPU
		{8A9FDB57-342D-49C2-BAFC-D885AAE5CC7C}.Debug|Any CPU.ActiveCfg = Debug|Any CPU
		{8A9FDB57-342D-49C2-BAFC-D885AAE5CC7C}.Debug|Any CPU.Build.0 = Debug|Any CPU
		{8A9FDB57-342D-49C2-BAFC-D885AAE5CC7C}.Release|Any CPU.ActiveCfg = Release|Any CPU
		{8A9FDB57-342D-49C2-BAFC-D885AAE5CC7C}.Release|Any CPU.Build.0 = Release|Any CPU
	EndGlobalSection
	GlobalSection(SolutionProperties) = preSolution
		HideSolutionNode = FALSE
	EndGlobalSection
	GlobalSection(NestedProjects) = preSolution
		{63FBD4D9-E1DA-4A7B-AA6A-D6074FE50867} = {8E3DE014-9B28-4B32-8AC1-B2BE404E9B2D}
		{14C049FD-B35B-415A-A824-87F26B26E7FD} = {8E3DE014-9B28-4B32-8AC1-B2BE404E9B2D}
		{0E7646E8-FE8F-43C1-8799-D97860925EC4} = {8E3DE014-9B28-4B32-8AC1-B2BE404E9B2D}
		{EA2B9121-EF54-40A6-A53E-6593C86EE696} = {8E3DE014-9B28-4B32-8AC1-B2BE404E9B2D}
		{D9A7B330-CD22-4DA1-A95A-8DE1982AD8EB} = {8E3DE014-9B28-4B32-8AC1-B2BE404E9B2D}
		{17F86780-9A1F-4AA1-86F1-875EEC2730C7} = {8E3DE014-9B28-4B32-8AC1-B2BE404E9B2D}
		{72457126-E118-4171-A08F-9A709EE4B7FC} = {8E3DE014-9B28-4B32-8AC1-B2BE404E9B2D}
		{D10AD48F-407D-4DB5-A328-173EC7CB010F} = {8E3DE014-9B28-4B32-8AC1-B2BE404E9B2D}
		{4BE4EB01-AC56-4048-924E-2CA77F509ABA} = {8E3DE014-9B28-4B32-8AC1-B2BE404E9B2D}
		{8C7FCBC2-E6E1-405E-BFB5-D8D9E67A09C4} = {8E3DE014-9B28-4B32-8AC1-B2BE404E9B2D}
		{5D0F00F0-26C9-4785-AD61-B85710C60EB0} = {8E3DE014-9B28-4B32-8AC1-B2BE404E9B2D}
		{CDE24A24-01D3-403C-84B9-37722E18DFB7} = {8E3DE014-9B28-4B32-8AC1-B2BE404E9B2D}
		{79AED36E-ABD0-4747-93D3-8722B042454B} = {8E3DE014-9B28-4B32-8AC1-B2BE404E9B2D}
		{954CA994-D204-468B-9D69-51F6AD3E1C29} = {8E3DE014-9B28-4B32-8AC1-B2BE404E9B2D}
		{D5D447D7-EF8E-43A6-B9A4-3B025DD9F45D} = {8E3DE014-9B28-4B32-8AC1-B2BE404E9B2D}
		{DFD137A2-DDB5-4D22-BE0D-FA9AD4C8B059} = {8E3DE014-9B28-4B32-8AC1-B2BE404E9B2D}
		{C0C45321-B51D-4D8D-9B7B-AA4C2E0B2962} = {8E3DE014-9B28-4B32-8AC1-B2BE404E9B2D}
		{1C981BB3-26F7-494C-9005-CC27A5144233} = {8E3DE014-9B28-4B32-8AC1-B2BE404E9B2D}
		{05660F47-D649-48BD-9DED-DF4E01E7CFF9} = {8E3DE014-9B28-4B32-8AC1-B2BE404E9B2D}
		{8F116B06-1C0E-4E4C-9A0A-D2FAB851E768} = {8E3DE014-9B28-4B32-8AC1-B2BE404E9B2D}
		{EA4F1DA7-F2AB-4384-9AA4-9B756E2026B1} = {8E3DE014-9B28-4B32-8AC1-B2BE404E9B2D}
		{194D3CCC-1153-474D-8176-FDE8D7D0D0BD} = {8E3DE014-9B28-4B32-8AC1-B2BE404E9B2D}
		{FBC8B571-ED50-49D8-8D9D-64AB7454A0D6} = {8E3DE014-9B28-4B32-8AC1-B2BE404E9B2D}
		{137906EA-15FE-4AD8-A6A0-27528F0477D6} = {8E3DE014-9B28-4B32-8AC1-B2BE404E9B2D}
		{085948FF-0E9B-4A9A-B564-F8B8B4BDDDBC} = {8E3DE014-9B28-4B32-8AC1-B2BE404E9B2D}
		{3420C92A-747F-4990-BA08-F2C9531E44AD} = {8E3DE014-9B28-4B32-8AC1-B2BE404E9B2D}
		{C889167C-E52C-4A65-A419-224B3D1B957D} = {8E3DE014-9B28-4B32-8AC1-B2BE404E9B2D}
		{99002B65-86F7-415E-BF4A-381AA8AB9CCC} = {8E3DE014-9B28-4B32-8AC1-B2BE404E9B2D}
		{2AD6973D-C7BB-416E-89FE-EEE34664E05F} = {8E3DE014-9B28-4B32-8AC1-B2BE404E9B2D}
		{4A4595EF-6C37-4F99-96ED-4AE0B9E438D3} = {8E3DE014-9B28-4B32-8AC1-B2BE404E9B2D}
		{43D0EC0B-1955-4566-8D31-7B9102DA1703} = {8E3DE014-9B28-4B32-8AC1-B2BE404E9B2D}
		{FC1D74E8-7A4D-48F4-83DE-95C6173780C4} = {8E3DE014-9B28-4B32-8AC1-B2BE404E9B2D}
		{3158C928-888C-4A84-8BC1-4A8257489538} = {8E3DE014-9B28-4B32-8AC1-B2BE404E9B2D}
		{642A49D7-8752-4177-80D6-BFBBCFAD3DE0} = {8E3DE014-9B28-4B32-8AC1-B2BE404E9B2D}
		{6F759635-13D7-4E94-BCC9-80445D63F117} = {8E3DE014-9B28-4B32-8AC1-B2BE404E9B2D}
		{966EC390-3C7F-4D98-92A6-F0F30D02E9B1} = {8E3DE014-9B28-4B32-8AC1-B2BE404E9B2D}
		{3F72A4E9-7B72-4260-B010-C16EC54F9BAF} = {8E3DE014-9B28-4B32-8AC1-B2BE404E9B2D}
		{475B6C45-B27C-438B-8966-908B9D6D1077} = {8E3DE014-9B28-4B32-8AC1-B2BE404E9B2D}
		{66FCCD76-2761-47E3-8D11-B45D0001DDAA} = {8E3DE014-9B28-4B32-8AC1-B2BE404E9B2D}
		{3787DDE5-E5C8-4841-BDA7-DCB325388064} = {8E3DE014-9B28-4B32-8AC1-B2BE404E9B2D}
		{5531E894-D259-45A3-AA61-26DBE720C1CE} = {8E3DE014-9B28-4B32-8AC1-B2BE404E9B2D}
		{91BC2E7F-DA04-421C-98EF-76D37CEC130C} = {8E3DE014-9B28-4B32-8AC1-B2BE404E9B2D}
		{E826F796-8CE3-4B5B-8423-5AA5F81D2FC3} = {8E3DE014-9B28-4B32-8AC1-B2BE404E9B2D}
		{2CF067CA-064B-43C6-8B88-5E3B99A65F1D} = {8E3DE014-9B28-4B32-8AC1-B2BE404E9B2D}
		{F301EF7D-F19C-4D83-AA94-CB64F29C037D} = {8E3DE014-9B28-4B32-8AC1-B2BE404E9B2D}
		{FE5C5947-D2D5-42C5-992A-13D672946135} = {8E3DE014-9B28-4B32-8AC1-B2BE404E9B2D}
		{9CD5C81F-5828-4384-8474-2E2BE71D5EDD} = {8E3DE014-9B28-4B32-8AC1-B2BE404E9B2D}
		{3BD22132-D538-48C6-8854-F71333C798EB} = {8E3DE014-9B28-4B32-8AC1-B2BE404E9B2D}
		{8A9FDB57-342D-49C2-BAFC-D885AAE5CC7C} = {8E3DE014-9B28-4B32-8AC1-B2BE404E9B2D}
		{33B1BC8D-E292-4972-A363-22056B207156} = {75E7476C-C05B-4C41-8E38-081D3EB55659}
		{CB70A642-8CEC-4DDE-8C9F-AD08900EC98D} = {84650275-884D-4CBB-9CC0-67553996E211}
	EndGlobalSection
EndGlobal
