
Microsoft Visual Studio Solution File, Format Version 11.00
# Visual Studio 2010
Project("{CC5FD16D-436D-48AD-A40C-5A424C6E3E79}") = "Orchard.Azure.CloudService", "Orchard.Azure.CloudService\Orchard.Azure.CloudService.ccproj", "{03C5327D-4E8E-45A7-ACD1-E18E7CAA3C4A}"
EndProject
Project("{FAE04EC0-301F-11D3-BF4B-00C04F79EFBC}") = "Orchard.Azure.Web", "Orchard.Azure.Web\Orchard.Azure.Web.csproj", "{0DF8F426-9F30-4918-8F64-A5B40BA12D10}"
EndProject
Project("{FAE04EC0-301F-11D3-BF4B-00C04F79EFBC}") = "Orchard.Azure", "Orchard.Azure.csproj", "{2505AA84-65A6-43D0-9C27-4F44FD576284}"
EndProject
Project("{FAE04EC0-301F-11D3-BF4B-00C04F79EFBC}") = "Orchard.Framework", "..\Orchard\Orchard.Framework.csproj", "{2D1D92BB-4555-4CBE-8D0E-63563D6CE4C6}"
EndProject
Project("{FAE04EC0-301F-11D3-BF4B-00C04F79EFBC}") = "Orchard.Core", "..\Orchard.Web\Core\Orchard.Core.csproj", "{9916839C-39FC-4CEB-A5AF-89CA7E87119F}"
EndProject
Project("{2150E333-8FDC-42A3-9474-1A3956D46DE8}") = "Modules", "Modules", "{8E3DE014-9B28-4B32-8AC1-B2BE404E9B2D}"
EndProject
Project("{FAE04EC0-301F-11D3-BF4B-00C04F79EFBC}") = "Futures.Widgets", "..\Orchard.Web\Modules\Futures.Widgets\Futures.Widgets.csproj", "{E65E5633-C0FF-453C-A906-481C14F969D6}"
EndProject
Project("{FAE04EC0-301F-11D3-BF4B-00C04F79EFBC}") = "Orchard.Blogs", "..\Orchard.Web\Modules\Orchard.Blogs\Orchard.Blogs.csproj", "{63FBD4D9-E1DA-4A7B-AA6A-D6074FE50867}"
EndProject
Project("{FAE04EC0-301F-11D3-BF4B-00C04F79EFBC}") = "Orchard.Comments", "..\Orchard.Web\Modules\Orchard.Comments\Orchard.Comments.csproj", "{14C049FD-B35B-415A-A824-87F26B26E7FD}"
EndProject
Project("{FAE04EC0-301F-11D3-BF4B-00C04F79EFBC}") = "Orchard.ContentTypes", "..\Orchard.Web\Modules\Orchard.ContentTypes\Orchard.ContentTypes.csproj", "{0E7646E8-FE8F-43C1-8799-D97860925EC4}"
EndProject
Project("{FAE04EC0-301F-11D3-BF4B-00C04F79EFBC}") = "Orchard.DevTools", "..\Orchard.Web\Modules\Orchard.DevTools\Orchard.DevTools.csproj", "{67C1D3AF-A0EC-46B2-BAE1-DF1DA8E0B890}"
EndProject
Project("{FAE04EC0-301F-11D3-BF4B-00C04F79EFBC}") = "Orchard.Indexing", "..\Orchard.Web\Modules\Orchard.Indexing\Orchard.Indexing.csproj", "{EA2B9121-EF54-40A6-A53E-6593C86EE696}"
EndProject
Project("{FAE04EC0-301F-11D3-BF4B-00C04F79EFBC}") = "Orchard.Media", "..\Orchard.Web\Modules\Orchard.Media\Orchard.Media.csproj", "{D9A7B330-CD22-4DA1-A95A-8DE1982AD8EB}"
EndProject
Project("{FAE04EC0-301F-11D3-BF4B-00C04F79EFBC}") = "Orchard.MetaData", "..\Orchard.Web\Modules\Orchard.MetaData\Orchard.MetaData.csproj", "{23E04990-2A8D-41B8-9908-6DDB71EA3B23}"
EndProject
Project("{FAE04EC0-301F-11D3-BF4B-00C04F79EFBC}") = "Orchard.Modules", "..\Orchard.Web\Modules\Orchard.Modules\Orchard.Modules.csproj", "{17F86780-9A1F-4AA1-86F1-875EEC2730C7}"
EndProject
Project("{FAE04EC0-301F-11D3-BF4B-00C04F79EFBC}") = "Orchard.MultiTenancy", "..\Orchard.Web\Modules\Orchard.MultiTenancy\Orchard.MultiTenancy.csproj", "{72457126-E118-4171-A08F-9A709EE4B7FC}"
EndProject
Project("{FAE04EC0-301F-11D3-BF4B-00C04F79EFBC}") = "Orchard.Pages", "..\Orchard.Web\Modules\Orchard.Pages\Orchard.Pages.csproj", "{4A9C04A6-0986-4A92-A610-5F59FF273FB9}"
EndProject
Project("{FAE04EC0-301F-11D3-BF4B-00C04F79EFBC}") = "Orchard.Roles", "..\Orchard.Web\Modules\Orchard.Roles\Orchard.Roles.csproj", "{D10AD48F-407D-4DB5-A328-173EC7CB010F}"
EndProject
Project("{FAE04EC0-301F-11D3-BF4B-00C04F79EFBC}") = "Orchard.Sandbox", "..\Orchard.Web\Modules\Orchard.Sandbox\Orchard.Sandbox.csproj", "{17C44253-65A2-4597-98C7-16EE576824B6}"
EndProject
Project("{FAE04EC0-301F-11D3-BF4B-00C04F79EFBC}") = "Orchard.Search", "..\Orchard.Web\Modules\Orchard.Search\Orchard.Search.csproj", "{4BE4EB01-AC56-4048-924E-2CA77F509ABA}"
EndProject
Project("{FAE04EC0-301F-11D3-BF4B-00C04F79EFBC}") = "Orchard.Setup", "..\Orchard.Web\Modules\Orchard.Setup\Orchard.Setup.csproj", "{8C7FCBC2-E6E1-405E-BFB5-D8D9E67A09C4}"
EndProject
Project("{FAE04EC0-301F-11D3-BF4B-00C04F79EFBC}") = "Orchard.Tags", "..\Orchard.Web\Modules\Orchard.Tags\Orchard.Tags.csproj", "{5D0F00F0-26C9-4785-AD61-B85710C60EB0}"
EndProject
Project("{FAE04EC0-301F-11D3-BF4B-00C04F79EFBC}") = "Orchard.Themes", "..\Orchard.Web\Modules\Orchard.Themes\Orchard.Themes.csproj", "{CDE24A24-01D3-403C-84B9-37722E18DFB7}"
EndProject
Project("{FAE04EC0-301F-11D3-BF4B-00C04F79EFBC}") = "Orchard.Users", "..\Orchard.Web\Modules\Orchard.Users\Orchard.Users.csproj", "{79AED36E-ABD0-4747-93D3-8722B042454B}"
EndProject
Project("{FAE04EC0-301F-11D3-BF4B-00C04F79EFBC}") = "TinyMce", "..\Orchard.Web\Modules\TinyMce\TinyMce.csproj", "{954CA994-D204-468B-9D69-51F6AD3E1C29}"
EndProject
Project("{2150E333-8FDC-42A3-9474-1A3956D46DE8}") = "Tools", "Tools", "{75E7476C-C05B-4C41-8E38-081D3EB55659}"
EndProject
Project("{FAE04EC0-301F-11D3-BF4B-00C04F79EFBC}") = "Orchard", "..\Tools\Orchard\Orchard.csproj", "{33B1BC8D-E292-4972-A363-22056B207156}"
EndProject
Global
	GlobalSection(SolutionConfigurationPlatforms) = preSolution
		Debug|Any CPU = Debug|Any CPU
		Release|Any CPU = Release|Any CPU
	EndGlobalSection
	GlobalSection(ProjectConfigurationPlatforms) = postSolution
		{03C5327D-4E8E-45A7-ACD1-E18E7CAA3C4A}.Debug|Any CPU.ActiveCfg = Debug|Any CPU
		{03C5327D-4E8E-45A7-ACD1-E18E7CAA3C4A}.Debug|Any CPU.Build.0 = Debug|Any CPU
		{03C5327D-4E8E-45A7-ACD1-E18E7CAA3C4A}.Release|Any CPU.ActiveCfg = Release|Any CPU
		{03C5327D-4E8E-45A7-ACD1-E18E7CAA3C4A}.Release|Any CPU.Build.0 = Release|Any CPU
		{0DF8F426-9F30-4918-8F64-A5B40BA12D10}.Debug|Any CPU.ActiveCfg = Debug|Any CPU
		{0DF8F426-9F30-4918-8F64-A5B40BA12D10}.Debug|Any CPU.Build.0 = Debug|Any CPU
		{0DF8F426-9F30-4918-8F64-A5B40BA12D10}.Release|Any CPU.ActiveCfg = Release|Any CPU
		{0DF8F426-9F30-4918-8F64-A5B40BA12D10}.Release|Any CPU.Build.0 = Release|Any CPU
		{2505AA84-65A6-43D0-9C27-4F44FD576284}.Debug|Any CPU.ActiveCfg = Debug|Any CPU
		{2505AA84-65A6-43D0-9C27-4F44FD576284}.Debug|Any CPU.Build.0 = Debug|Any CPU
		{2505AA84-65A6-43D0-9C27-4F44FD576284}.Release|Any CPU.ActiveCfg = Release|Any CPU
		{2505AA84-65A6-43D0-9C27-4F44FD576284}.Release|Any CPU.Build.0 = Release|Any CPU
		{2D1D92BB-4555-4CBE-8D0E-63563D6CE4C6}.Debug|Any CPU.ActiveCfg = Debug|Any CPU
		{2D1D92BB-4555-4CBE-8D0E-63563D6CE4C6}.Debug|Any CPU.Build.0 = Debug|Any CPU
		{2D1D92BB-4555-4CBE-8D0E-63563D6CE4C6}.Release|Any CPU.ActiveCfg = Release|Any CPU
		{2D1D92BB-4555-4CBE-8D0E-63563D6CE4C6}.Release|Any CPU.Build.0 = Release|Any CPU
		{9916839C-39FC-4CEB-A5AF-89CA7E87119F}.Debug|Any CPU.ActiveCfg = Debug|Any CPU
		{9916839C-39FC-4CEB-A5AF-89CA7E87119F}.Debug|Any CPU.Build.0 = Debug|Any CPU
		{9916839C-39FC-4CEB-A5AF-89CA7E87119F}.Release|Any CPU.ActiveCfg = Release|Any CPU
		{9916839C-39FC-4CEB-A5AF-89CA7E87119F}.Release|Any CPU.Build.0 = Release|Any CPU
		{E65E5633-C0FF-453C-A906-481C14F969D6}.Debug|Any CPU.ActiveCfg = Debug|Any CPU
		{E65E5633-C0FF-453C-A906-481C14F969D6}.Debug|Any CPU.Build.0 = Debug|Any CPU
		{E65E5633-C0FF-453C-A906-481C14F969D6}.Release|Any CPU.ActiveCfg = Release|Any CPU
		{E65E5633-C0FF-453C-A906-481C14F969D6}.Release|Any CPU.Build.0 = Release|Any CPU
		{63FBD4D9-E1DA-4A7B-AA6A-D6074FE50867}.Debug|Any CPU.ActiveCfg = Debug|Any CPU
		{63FBD4D9-E1DA-4A7B-AA6A-D6074FE50867}.Debug|Any CPU.Build.0 = Debug|Any CPU
		{63FBD4D9-E1DA-4A7B-AA6A-D6074FE50867}.Release|Any CPU.ActiveCfg = Release|Any CPU
		{63FBD4D9-E1DA-4A7B-AA6A-D6074FE50867}.Release|Any CPU.Build.0 = Release|Any CPU
		{14C049FD-B35B-415A-A824-87F26B26E7FD}.Debug|Any CPU.ActiveCfg = Debug|Any CPU
		{14C049FD-B35B-415A-A824-87F26B26E7FD}.Debug|Any CPU.Build.0 = Debug|Any CPU
		{14C049FD-B35B-415A-A824-87F26B26E7FD}.Release|Any CPU.ActiveCfg = Release|Any CPU
		{14C049FD-B35B-415A-A824-87F26B26E7FD}.Release|Any CPU.Build.0 = Release|Any CPU
		{0E7646E8-FE8F-43C1-8799-D97860925EC4}.Debug|Any CPU.ActiveCfg = Debug|Any CPU
		{0E7646E8-FE8F-43C1-8799-D97860925EC4}.Debug|Any CPU.Build.0 = Debug|Any CPU
		{0E7646E8-FE8F-43C1-8799-D97860925EC4}.Release|Any CPU.ActiveCfg = Release|Any CPU
		{0E7646E8-FE8F-43C1-8799-D97860925EC4}.Release|Any CPU.Build.0 = Release|Any CPU
		{67C1D3AF-A0EC-46B2-BAE1-DF1DA8E0B890}.Debug|Any CPU.ActiveCfg = Debug|Any CPU
		{67C1D3AF-A0EC-46B2-BAE1-DF1DA8E0B890}.Debug|Any CPU.Build.0 = Debug|Any CPU
		{67C1D3AF-A0EC-46B2-BAE1-DF1DA8E0B890}.Release|Any CPU.ActiveCfg = Release|Any CPU
		{67C1D3AF-A0EC-46B2-BAE1-DF1DA8E0B890}.Release|Any CPU.Build.0 = Release|Any CPU
		{EA2B9121-EF54-40A6-A53E-6593C86EE696}.Debug|Any CPU.ActiveCfg = Debug|Any CPU
		{EA2B9121-EF54-40A6-A53E-6593C86EE696}.Debug|Any CPU.Build.0 = Debug|Any CPU
		{EA2B9121-EF54-40A6-A53E-6593C86EE696}.Release|Any CPU.ActiveCfg = Release|Any CPU
		{EA2B9121-EF54-40A6-A53E-6593C86EE696}.Release|Any CPU.Build.0 = Release|Any CPU
		{D9A7B330-CD22-4DA1-A95A-8DE1982AD8EB}.Debug|Any CPU.ActiveCfg = Debug|Any CPU
		{D9A7B330-CD22-4DA1-A95A-8DE1982AD8EB}.Debug|Any CPU.Build.0 = Debug|Any CPU
		{D9A7B330-CD22-4DA1-A95A-8DE1982AD8EB}.Release|Any CPU.ActiveCfg = Release|Any CPU
		{D9A7B330-CD22-4DA1-A95A-8DE1982AD8EB}.Release|Any CPU.Build.0 = Release|Any CPU
		{23E04990-2A8D-41B8-9908-6DDB71EA3B23}.Debug|Any CPU.ActiveCfg = Debug|Any CPU
		{23E04990-2A8D-41B8-9908-6DDB71EA3B23}.Debug|Any CPU.Build.0 = Debug|Any CPU
		{23E04990-2A8D-41B8-9908-6DDB71EA3B23}.Release|Any CPU.ActiveCfg = Release|Any CPU
		{23E04990-2A8D-41B8-9908-6DDB71EA3B23}.Release|Any CPU.Build.0 = Release|Any CPU
		{17F86780-9A1F-4AA1-86F1-875EEC2730C7}.Debug|Any CPU.ActiveCfg = Debug|Any CPU
		{17F86780-9A1F-4AA1-86F1-875EEC2730C7}.Debug|Any CPU.Build.0 = Debug|Any CPU
		{17F86780-9A1F-4AA1-86F1-875EEC2730C7}.Release|Any CPU.ActiveCfg = Release|Any CPU
		{17F86780-9A1F-4AA1-86F1-875EEC2730C7}.Release|Any CPU.Build.0 = Release|Any CPU
		{72457126-E118-4171-A08F-9A709EE4B7FC}.Debug|Any CPU.ActiveCfg = Debug|Any CPU
		{72457126-E118-4171-A08F-9A709EE4B7FC}.Debug|Any CPU.Build.0 = Debug|Any CPU
		{72457126-E118-4171-A08F-9A709EE4B7FC}.Release|Any CPU.ActiveCfg = Release|Any CPU
		{72457126-E118-4171-A08F-9A709EE4B7FC}.Release|Any CPU.Build.0 = Release|Any CPU
		{4A9C04A6-0986-4A92-A610-5F59FF273FB9}.Debug|Any CPU.ActiveCfg = Debug|Any CPU
		{4A9C04A6-0986-4A92-A610-5F59FF273FB9}.Debug|Any CPU.Build.0 = Debug|Any CPU
		{4A9C04A6-0986-4A92-A610-5F59FF273FB9}.Release|Any CPU.ActiveCfg = Release|Any CPU
		{4A9C04A6-0986-4A92-A610-5F59FF273FB9}.Release|Any CPU.Build.0 = Release|Any CPU
		{D10AD48F-407D-4DB5-A328-173EC7CB010F}.Debug|Any CPU.ActiveCfg = Debug|Any CPU
		{D10AD48F-407D-4DB5-A328-173EC7CB010F}.Debug|Any CPU.Build.0 = Debug|Any CPU
		{D10AD48F-407D-4DB5-A328-173EC7CB010F}.Release|Any CPU.ActiveCfg = Release|Any CPU
		{D10AD48F-407D-4DB5-A328-173EC7CB010F}.Release|Any CPU.Build.0 = Release|Any CPU
		{17C44253-65A2-4597-98C7-16EE576824B6}.Debug|Any CPU.ActiveCfg = Debug|Any CPU
		{17C44253-65A2-4597-98C7-16EE576824B6}.Debug|Any CPU.Build.0 = Debug|Any CPU
		{17C44253-65A2-4597-98C7-16EE576824B6}.Release|Any CPU.ActiveCfg = Release|Any CPU
		{17C44253-65A2-4597-98C7-16EE576824B6}.Release|Any CPU.Build.0 = Release|Any CPU
		{4BE4EB01-AC56-4048-924E-2CA77F509ABA}.Debug|Any CPU.ActiveCfg = Debug|Any CPU
		{4BE4EB01-AC56-4048-924E-2CA77F509ABA}.Debug|Any CPU.Build.0 = Debug|Any CPU
		{4BE4EB01-AC56-4048-924E-2CA77F509ABA}.Release|Any CPU.ActiveCfg = Release|Any CPU
		{4BE4EB01-AC56-4048-924E-2CA77F509ABA}.Release|Any CPU.Build.0 = Release|Any CPU
		{8C7FCBC2-E6E1-405E-BFB5-D8D9E67A09C4}.Debug|Any CPU.ActiveCfg = Debug|Any CPU
		{8C7FCBC2-E6E1-405E-BFB5-D8D9E67A09C4}.Debug|Any CPU.Build.0 = Debug|Any CPU
		{8C7FCBC2-E6E1-405E-BFB5-D8D9E67A09C4}.Release|Any CPU.ActiveCfg = Release|Any CPU
		{8C7FCBC2-E6E1-405E-BFB5-D8D9E67A09C4}.Release|Any CPU.Build.0 = Release|Any CPU
		{5D0F00F0-26C9-4785-AD61-B85710C60EB0}.Debug|Any CPU.ActiveCfg = Debug|Any CPU
		{5D0F00F0-26C9-4785-AD61-B85710C60EB0}.Debug|Any CPU.Build.0 = Debug|Any CPU
		{5D0F00F0-26C9-4785-AD61-B85710C60EB0}.Release|Any CPU.ActiveCfg = Release|Any CPU
		{5D0F00F0-26C9-4785-AD61-B85710C60EB0}.Release|Any CPU.Build.0 = Release|Any CPU
		{CDE24A24-01D3-403C-84B9-37722E18DFB7}.Debug|Any CPU.ActiveCfg = Debug|Any CPU
		{CDE24A24-01D3-403C-84B9-37722E18DFB7}.Debug|Any CPU.Build.0 = Debug|Any CPU
		{CDE24A24-01D3-403C-84B9-37722E18DFB7}.Release|Any CPU.ActiveCfg = Release|Any CPU
		{CDE24A24-01D3-403C-84B9-37722E18DFB7}.Release|Any CPU.Build.0 = Release|Any CPU
		{79AED36E-ABD0-4747-93D3-8722B042454B}.Debug|Any CPU.ActiveCfg = Debug|Any CPU
		{79AED36E-ABD0-4747-93D3-8722B042454B}.Debug|Any CPU.Build.0 = Debug|Any CPU
		{79AED36E-ABD0-4747-93D3-8722B042454B}.Release|Any CPU.ActiveCfg = Release|Any CPU
		{79AED36E-ABD0-4747-93D3-8722B042454B}.Release|Any CPU.Build.0 = Release|Any CPU
		{954CA994-D204-468B-9D69-51F6AD3E1C29}.Debug|Any CPU.ActiveCfg = Debug|Any CPU
		{954CA994-D204-468B-9D69-51F6AD3E1C29}.Debug|Any CPU.Build.0 = Debug|Any CPU
		{954CA994-D204-468B-9D69-51F6AD3E1C29}.Release|Any CPU.ActiveCfg = Release|Any CPU
		{954CA994-D204-468B-9D69-51F6AD3E1C29}.Release|Any CPU.Build.0 = Release|Any CPU
		{33B1BC8D-E292-4972-A363-22056B207156}.Debug|Any CPU.ActiveCfg = Debug|Any CPU
		{33B1BC8D-E292-4972-A363-22056B207156}.Debug|Any CPU.Build.0 = Debug|Any CPU
		{33B1BC8D-E292-4972-A363-22056B207156}.Release|Any CPU.ActiveCfg = Release|Any CPU
		{33B1BC8D-E292-4972-A363-22056B207156}.Release|Any CPU.Build.0 = Release|Any CPU
	EndGlobalSection
	GlobalSection(SolutionProperties) = preSolution
		HideSolutionNode = FALSE
	EndGlobalSection
	GlobalSection(NestedProjects) = preSolution
		{E65E5633-C0FF-453C-A906-481C14F969D6} = {8E3DE014-9B28-4B32-8AC1-B2BE404E9B2D}
		{63FBD4D9-E1DA-4A7B-AA6A-D6074FE50867} = {8E3DE014-9B28-4B32-8AC1-B2BE404E9B2D}
		{14C049FD-B35B-415A-A824-87F26B26E7FD} = {8E3DE014-9B28-4B32-8AC1-B2BE404E9B2D}
		{0E7646E8-FE8F-43C1-8799-D97860925EC4} = {8E3DE014-9B28-4B32-8AC1-B2BE404E9B2D}
		{67C1D3AF-A0EC-46B2-BAE1-DF1DA8E0B890} = {8E3DE014-9B28-4B32-8AC1-B2BE404E9B2D}
		{EA2B9121-EF54-40A6-A53E-6593C86EE696} = {8E3DE014-9B28-4B32-8AC1-B2BE404E9B2D}
		{D9A7B330-CD22-4DA1-A95A-8DE1982AD8EB} = {8E3DE014-9B28-4B32-8AC1-B2BE404E9B2D}
		{23E04990-2A8D-41B8-9908-6DDB71EA3B23} = {8E3DE014-9B28-4B32-8AC1-B2BE404E9B2D}
		{17F86780-9A1F-4AA1-86F1-875EEC2730C7} = {8E3DE014-9B28-4B32-8AC1-B2BE404E9B2D}
		{72457126-E118-4171-A08F-9A709EE4B7FC} = {8E3DE014-9B28-4B32-8AC1-B2BE404E9B2D}
		{4A9C04A6-0986-4A92-A610-5F59FF273FB9} = {8E3DE014-9B28-4B32-8AC1-B2BE404E9B2D}
		{D10AD48F-407D-4DB5-A328-173EC7CB010F} = {8E3DE014-9B28-4B32-8AC1-B2BE404E9B2D}
		{17C44253-65A2-4597-98C7-16EE576824B6} = {8E3DE014-9B28-4B32-8AC1-B2BE404E9B2D}
		{4BE4EB01-AC56-4048-924E-2CA77F509ABA} = {8E3DE014-9B28-4B32-8AC1-B2BE404E9B2D}
		{8C7FCBC2-E6E1-405E-BFB5-D8D9E67A09C4} = {8E3DE014-9B28-4B32-8AC1-B2BE404E9B2D}
		{5D0F00F0-26C9-4785-AD61-B85710C60EB0} = {8E3DE014-9B28-4B32-8AC1-B2BE404E9B2D}
		{CDE24A24-01D3-403C-84B9-37722E18DFB7} = {8E3DE014-9B28-4B32-8AC1-B2BE404E9B2D}
		{79AED36E-ABD0-4747-93D3-8722B042454B} = {8E3DE014-9B28-4B32-8AC1-B2BE404E9B2D}
		{954CA994-D204-468B-9D69-51F6AD3E1C29} = {8E3DE014-9B28-4B32-8AC1-B2BE404E9B2D}
		{33B1BC8D-E292-4972-A363-22056B207156} = {75E7476C-C05B-4C41-8E38-081D3EB55659}
	EndGlobalSection
EndGlobal
