
Microsoft Visual Studio Solution File, Format Version 10.00
# Visual Studio 2008
Project("{FAE04EC0-301F-11D3-BF4B-00C04F79EFBC}") = "Orchard", "Orchard\Orchard.csproj", "{2D1D92BB-4555-4CBE-8D0E-63563D6CE4C6}"
EndProject
Project("{FAE04EC0-301F-11D3-BF4B-00C04F79EFBC}") = "Orchard.Tests", "Orchard.Tests\Orchard.Tests.csproj", "{ABC826D4-2FA1-4F2F-87DE-E6095F653810}"
EndProject
Project("{FAE04EC0-301F-11D3-BF4B-00C04F79EFBC}") = "Orchard.Web", "Orchard.Web\Orchard.Web.csproj", "{50B779EA-EC00-4699-84C0-03B395C365D2}"
EndProject
Project("{FAE04EC0-301F-11D3-BF4B-00C04F79EFBC}") = "Orchard.Web.Tests", "Orchard.Web.Tests\Orchard.Web.Tests.csproj", "{F112851D-B023-4746-B6B1-8D2E5AD8F7AA}"
EndProject
Project("{2150E333-8FDC-42A3-9474-1A3956D46DE8}") = "Packages", "Packages", "{E9C9F120-07BA-4DFB-B9C3-3AFB9D44C9D5}"
EndProject
Project("{FAE04EC0-301F-11D3-BF4B-00C04F79EFBC}") = "Orchard.CmsPages", "Orchard.Web\Packages\Orchard.CmsPages\Orchard.CmsPages.csproj", "{1ECC1131-0D0C-4822-AD90-E979868C63F3}"
EndProject
Project("{FAE04EC0-301F-11D3-BF4B-00C04F79EFBC}") = "TinyMce", "Orchard.Web\Packages\TinyMce\TinyMce.csproj", "{954CA994-D204-468B-9D69-51F6AD3E1C29}"
EndProject
Project("{FAE04EC0-301F-11D3-BF4B-00C04F79EFBC}") = "Orchard.Media", "Orchard.Web\Packages\Orchard.Media\Orchard.Media.csproj", "{D9A7B330-CD22-4DA1-A95A-8DE1982AD8EB}"
EndProject
Project("{FAE04EC0-301F-11D3-BF4B-00C04F79EFBC}") = "Orchard.XmlRpc", "Orchard.Web\Packages\Orchard.XmlRpc\Orchard.XmlRpc.csproj", "{0DC6B598-6D03-4923-A6C2-274D09854117}"
EndProject
Project("{FAE04EC0-301F-11D3-BF4B-00C04F79EFBC}") = "Orchard.Users", "Orchard.Web\Packages\Orchard.Users\Orchard.Users.csproj", "{79AED36E-ABD0-4747-93D3-8722B042454B}"
EndProject
Project("{FAE04EC0-301F-11D3-BF4B-00C04F79EFBC}") = "Orchard.Tests.Packages", "Orchard.Tests.Packages\Orchard.Tests.Packages.csproj", "{6CB3EB30-F725-45C0-9742-42599BA8E8D2}"
EndProject
Project("{FAE04EC0-301F-11D3-BF4B-00C04F79EFBC}") = "Orchard.Roles", "Orchard.Web\Packages\Orchard.Roles\Orchard.Roles.csproj", "{D10AD48F-407D-4DB5-A328-173EC7CB010F}"
EndProject
Project("{FAE04EC0-301F-11D3-BF4B-00C04F79EFBC}") = "Orchard.Wiki", "Orchard.Web\Packages\Orchard.Wiki\Orchard.Wiki.csproj", "{17C44253-65A2-4597-98C7-16EE576824B6}"
EndProject
Global
	GlobalSection(SolutionConfigurationPlatforms) = preSolution
		Debug|Any CPU = Debug|Any CPU
		Release|Any CPU = Release|Any CPU
	EndGlobalSection
	GlobalSection(ProjectConfigurationPlatforms) = postSolution
		{2D1D92BB-4555-4CBE-8D0E-63563D6CE4C6}.Debug|Any CPU.ActiveCfg = Debug|Any CPU
		{2D1D92BB-4555-4CBE-8D0E-63563D6CE4C6}.Debug|Any CPU.Build.0 = Debug|Any CPU
		{2D1D92BB-4555-4CBE-8D0E-63563D6CE4C6}.Release|Any CPU.ActiveCfg = Release|Any CPU
		{2D1D92BB-4555-4CBE-8D0E-63563D6CE4C6}.Release|Any CPU.Build.0 = Release|Any CPU
		{ABC826D4-2FA1-4F2F-87DE-E6095F653810}.Debug|Any CPU.ActiveCfg = Debug|Any CPU
		{ABC826D4-2FA1-4F2F-87DE-E6095F653810}.Debug|Any CPU.Build.0 = Debug|Any CPU
		{ABC826D4-2FA1-4F2F-87DE-E6095F653810}.Release|Any CPU.ActiveCfg = Release|Any CPU
		{ABC826D4-2FA1-4F2F-87DE-E6095F653810}.Release|Any CPU.Build.0 = Release|Any CPU
		{50B779EA-EC00-4699-84C0-03B395C365D2}.Debug|Any CPU.ActiveCfg = Debug|Any CPU
		{50B779EA-EC00-4699-84C0-03B395C365D2}.Debug|Any CPU.Build.0 = Debug|Any CPU
		{50B779EA-EC00-4699-84C0-03B395C365D2}.Release|Any CPU.ActiveCfg = Release|Any CPU
		{50B779EA-EC00-4699-84C0-03B395C365D2}.Release|Any CPU.Build.0 = Release|Any CPU
		{F112851D-B023-4746-B6B1-8D2E5AD8F7AA}.Debug|Any CPU.ActiveCfg = Debug|Any CPU
		{F112851D-B023-4746-B6B1-8D2E5AD8F7AA}.Debug|Any CPU.Build.0 = Debug|Any CPU
		{F112851D-B023-4746-B6B1-8D2E5AD8F7AA}.Release|Any CPU.ActiveCfg = Release|Any CPU
		{F112851D-B023-4746-B6B1-8D2E5AD8F7AA}.Release|Any CPU.Build.0 = Release|Any CPU
		{1ECC1131-0D0C-4822-AD90-E979868C63F3}.Debug|Any CPU.ActiveCfg = Debug|Any CPU
		{1ECC1131-0D0C-4822-AD90-E979868C63F3}.Debug|Any CPU.Build.0 = Debug|Any CPU
		{1ECC1131-0D0C-4822-AD90-E979868C63F3}.Release|Any CPU.ActiveCfg = Release|Any CPU
		{1ECC1131-0D0C-4822-AD90-E979868C63F3}.Release|Any CPU.Build.0 = Release|Any CPU
		{954CA994-D204-468B-9D69-51F6AD3E1C29}.Debug|Any CPU.ActiveCfg = Debug|Any CPU
		{954CA994-D204-468B-9D69-51F6AD3E1C29}.Debug|Any CPU.Build.0 = Debug|Any CPU
		{954CA994-D204-468B-9D69-51F6AD3E1C29}.Release|Any CPU.ActiveCfg = Release|Any CPU
		{954CA994-D204-468B-9D69-51F6AD3E1C29}.Release|Any CPU.Build.0 = Release|Any CPU
		{D9A7B330-CD22-4DA1-A95A-8DE1982AD8EB}.Debug|Any CPU.ActiveCfg = Debug|Any CPU
		{D9A7B330-CD22-4DA1-A95A-8DE1982AD8EB}.Debug|Any CPU.Build.0 = Debug|Any CPU
		{D9A7B330-CD22-4DA1-A95A-8DE1982AD8EB}.Release|Any CPU.ActiveCfg = Release|Any CPU
		{D9A7B330-CD22-4DA1-A95A-8DE1982AD8EB}.Release|Any CPU.Build.0 = Release|Any CPU
		{0DC6B598-6D03-4923-A6C2-274D09854117}.Debug|Any CPU.ActiveCfg = Debug|Any CPU
		{0DC6B598-6D03-4923-A6C2-274D09854117}.Debug|Any CPU.Build.0 = Debug|Any CPU
		{0DC6B598-6D03-4923-A6C2-274D09854117}.Release|Any CPU.ActiveCfg = Release|Any CPU
		{0DC6B598-6D03-4923-A6C2-274D09854117}.Release|Any CPU.Build.0 = Release|Any CPU
		{79AED36E-ABD0-4747-93D3-8722B042454B}.Debug|Any CPU.ActiveCfg = Debug|Any CPU
		{79AED36E-ABD0-4747-93D3-8722B042454B}.Debug|Any CPU.Build.0 = Debug|Any CPU
		{79AED36E-ABD0-4747-93D3-8722B042454B}.Release|Any CPU.ActiveCfg = Release|Any CPU
		{79AED36E-ABD0-4747-93D3-8722B042454B}.Release|Any CPU.Build.0 = Release|Any CPU
		{6CB3EB30-F725-45C0-9742-42599BA8E8D2}.Debug|Any CPU.ActiveCfg = Debug|Any CPU
		{6CB3EB30-F725-45C0-9742-42599BA8E8D2}.Debug|Any CPU.Build.0 = Debug|Any CPU
		{6CB3EB30-F725-45C0-9742-42599BA8E8D2}.Release|Any CPU.ActiveCfg = Release|Any CPU
		{6CB3EB30-F725-45C0-9742-42599BA8E8D2}.Release|Any CPU.Build.0 = Release|Any CPU
		{D10AD48F-407D-4DB5-A328-173EC7CB010F}.Debug|Any CPU.ActiveCfg = Debug|Any CPU
		{D10AD48F-407D-4DB5-A328-173EC7CB010F}.Debug|Any CPU.Build.0 = Debug|Any CPU
		{D10AD48F-407D-4DB5-A328-173EC7CB010F}.Release|Any CPU.ActiveCfg = Release|Any CPU
		{D10AD48F-407D-4DB5-A328-173EC7CB010F}.Release|Any CPU.Build.0 = Release|Any CPU
		{17C44253-65A2-4597-98C7-16EE576824B6}.Debug|Any CPU.ActiveCfg = Debug|Any CPU
		{17C44253-65A2-4597-98C7-16EE576824B6}.Debug|Any CPU.Build.0 = Debug|Any CPU
		{17C44253-65A2-4597-98C7-16EE576824B6}.Release|Any CPU.ActiveCfg = Release|Any CPU
		{17C44253-65A2-4597-98C7-16EE576824B6}.Release|Any CPU.Build.0 = Release|Any CPU
	EndGlobalSection
	GlobalSection(SolutionProperties) = preSolution
		HideSolutionNode = FALSE
	EndGlobalSection
	GlobalSection(NestedProjects) = preSolution
		{1ECC1131-0D0C-4822-AD90-E979868C63F3} = {E9C9F120-07BA-4DFB-B9C3-3AFB9D44C9D5}
		{954CA994-D204-468B-9D69-51F6AD3E1C29} = {E9C9F120-07BA-4DFB-B9C3-3AFB9D44C9D5}
		{D9A7B330-CD22-4DA1-A95A-8DE1982AD8EB} = {E9C9F120-07BA-4DFB-B9C3-3AFB9D44C9D5}
		{0DC6B598-6D03-4923-A6C2-274D09854117} = {E9C9F120-07BA-4DFB-B9C3-3AFB9D44C9D5}
		{79AED36E-ABD0-4747-93D3-8722B042454B} = {E9C9F120-07BA-4DFB-B9C3-3AFB9D44C9D5}
		{D10AD48F-407D-4DB5-A328-173EC7CB010F} = {E9C9F120-07BA-4DFB-B9C3-3AFB9D44C9D5}
		{17C44253-65A2-4597-98C7-16EE576824B6} = {E9C9F120-07BA-4DFB-B9C3-3AFB9D44C9D5}
	EndGlobalSection
EndGlobal
