
Microsoft Visual Studio Solution File, Format Version 11.00
# Visual Studio 2010
Project("{2150E333-8FDC-42A3-9474-1A3956D46DE8}") = "Modules", "Modules", "{E9C9F120-07BA-4DFB-B9C3-3AFB9D44C9D5}"
EndProject
Project("{2150E333-8FDC-42A3-9474-1A3956D46DE8}") = "Tests", "Tests", "{74E681ED-FECC-4034-B9BD-01B0BB1BDECA}"
EndProject
Project("{2150E333-8FDC-42A3-9474-1A3956D46DE8}") = "Tools", "Tools", "{383DBA32-4A3E-48D1-AAC3-75377A694452}"
EndProject
Project("{FAE04EC0-301F-11D3-BF4B-00C04F79EFBC}") = "Orchard.Web", "Orchard.Web\Orchard.Web.csproj", "{50B779EA-EC00-4699-84C0-03B395C365D2}"
EndProject
Project("{FAE04EC0-301F-11D3-BF4B-00C04F79EFBC}") = "Orchard.Framework", "Orchard\Orchard.Framework.csproj", "{2D1D92BB-4555-4CBE-8D0E-63563D6CE4C6}"
EndProject
Project("{FAE04EC0-301F-11D3-BF4B-00C04F79EFBC}") = "Orchard.Framework.Tests", "Orchard.Tests\Orchard.Framework.Tests.csproj", "{ABC826D4-2FA1-4F2F-87DE-E6095F653810}"
EndProject
Project("{FAE04EC0-301F-11D3-BF4B-00C04F79EFBC}") = "Orchard.Web.Tests", "Orchard.Web.Tests\Orchard.Web.Tests.csproj", "{F112851D-B023-4746-B6B1-8D2E5AD8F7AA}"
EndProject
Project("{FAE04EC0-301F-11D3-BF4B-00C04F79EFBC}") = "Orchard.Users", "Orchard.Web\Modules\Orchard.Users\Orchard.Users.csproj", "{79AED36E-ABD0-4747-93D3-8722B042454B}"
EndProject
Project("{FAE04EC0-301F-11D3-BF4B-00C04F79EFBC}") = "Orchard.Tests.Modules", "Orchard.Tests.Modules\Orchard.Tests.Modules.csproj", "{6CB3EB30-F725-45C0-9742-42599BA8E8D2}"
EndProject
Project("{FAE04EC0-301F-11D3-BF4B-00C04F79EFBC}") = "Orchard.Roles", "Orchard.Web\Modules\Orchard.Roles\Orchard.Roles.csproj", "{D10AD48F-407D-4DB5-A328-173EC7CB010F}"
EndProject
Project("{FAE04EC0-301F-11D3-BF4B-00C04F79EFBC}") = "Orchard.Core", "Orchard.Web\Core\Orchard.Core.csproj", "{9916839C-39FC-4CEB-A5AF-89CA7E87119F}"
EndProject
Project("{FAE04EC0-301F-11D3-BF4B-00C04F79EFBC}") = "Orchard.Core.Tests", "Orchard.Core.Tests\Orchard.Core.Tests.csproj", "{2FC1D9C8-446D-4414-B252-5E9FBE61EB63}"
EndProject
Project("{FAE04EC0-301F-11D3-BF4B-00C04F79EFBC}") = "Orchard.Setup", "Orchard.Web\Modules\Orchard.Setup\Orchard.Setup.csproj", "{8C7FCBC2-E6E1-405E-BFB5-D8D9E67A09C4}"
EndProject
Project("{FAE04EC0-301F-11D3-BF4B-00C04F79EFBC}") = "MSBuild.Orchard.Tasks", "Tools\MSBuild.Orchard.Tasks\MSBuild.Orchard.Tasks.csproj", "{5E5E7A21-C7B2-44D8-8593-2F9541AE041D}"
EndProject
Project("{FAE04EC0-301F-11D3-BF4B-00C04F79EFBC}") = "MSBuild.Orchard.Tasks.Tests", "Tools\MSBuild.Orchard.Tasks.Tests\MSBuild.Orchard.Tasks.Tests.csproj", "{4AB4B5B6-277E-4FF6-B69B-7AE9E16D2A56}"
EndProject
Project("{FAE04EC0-301F-11D3-BF4B-00C04F79EFBC}") = "Orchard.Specs", "Orchard.Specs\Orchard.Specs.csproj", "{7354DF37-934B-46CF-A13C-455D5F5F5413}"
EndProject
Project("{FAE04EC0-301F-11D3-BF4B-00C04F79EFBC}") = "Orchard", "Tools\Orchard\Orchard.csproj", "{33B1BC8D-E292-4972-A363-22056B207156}"
EndProject
Project("{FAE04EC0-301F-11D3-BF4B-00C04F79EFBC}") = "Orchard.Themes", "Orchard.Web\Modules\Orchard.Themes\Orchard.Themes.csproj", "{CDE24A24-01D3-403C-84B9-37722E18DFB7}"
EndProject
Project("{FAE04EC0-301F-11D3-BF4B-00C04F79EFBC}") = "Orchard.Profile", "Orchard.Profile\Orchard.Profile.csproj", "{94E694A2-D140-468D-A277-C5FCE1D13E9B}"
EndProject
Project("{FAE04EC0-301F-11D3-BF4B-00C04F79EFBC}") = "PackageIndexReferenceImplementation", "Tools\PackageIndexReferenceImplementation\PackageIndexReferenceImplementation.csproj", "{8A4E42CE-79F8-4BE2-8B1E-A6B83432123B}"
EndProject
Project("{FAE04EC0-301F-11D3-BF4B-00C04F79EFBC}") = "Orchard.Tests", "Tools\Orchard.Tests\Orchard.Tests.csproj", "{0DFA2E10-96C8-4E05-BC10-B710B97ECCDE}"
EndProject
Project("{2150E333-8FDC-42A3-9474-1A3956D46DE8}") = "_Notes", "_Notes", "{8A49DB66-40B2-4B6A-BFF0-D4839A240D00}"
EndProject
Project("{FAE04EC0-301F-11D3-BF4B-00C04F79EFBC}") = "Orchard.Modules", "Orchard.Web\Modules\Orchard.Modules\Orchard.Modules.csproj", "{17F86780-9A1F-4AA1-86F1-875EEC2730C7}"
EndProject
Project("{FAE04EC0-301F-11D3-BF4B-00C04F79EFBC}") = "Orchard.Packaging", "Orchard.Web\Modules\Orchard.Packaging\Orchard.Packaging.csproj", "{DFD137A2-DDB5-4D22-BE0D-FA9AD4C8B059}"
EndProject
Project("{FAE04EC0-301F-11D3-BF4B-00C04F79EFBC}") = "Orchard.ContentTypes", "Orchard.Web\Modules\Orchard.ContentTypes\Orchard.ContentTypes.csproj", "{0E7646E8-FE8F-43C1-8799-D97860925EC4}"
EndProject
Project("{FAE04EC0-301F-11D3-BF4B-00C04F79EFBC}") = "Orchard.Blogs", "Orchard.Web\Modules\Orchard.Blogs\Orchard.Blogs.csproj", "{63FBD4D9-E1DA-4A7B-AA6A-D6074FE50867}"
EndProject
Project("{FAE04EC0-301F-11D3-BF4B-00C04F79EFBC}") = "Orchard.Tags", "Orchard.Web\Modules\Orchard.Tags\Orchard.Tags.csproj", "{5D0F00F0-26C9-4785-AD61-B85710C60EB0}"
EndProject
Project("{FAE04EC0-301F-11D3-BF4B-00C04F79EFBC}") = "TinyMce", "Orchard.Web\Modules\TinyMce\TinyMce.csproj", "{954CA994-D204-468B-9D69-51F6AD3E1C29}"
EndProject
Project("{FAE04EC0-301F-11D3-BF4B-00C04F79EFBC}") = "Orchard.MultiTenancy", "Orchard.Web\Modules\Orchard.MultiTenancy\Orchard.MultiTenancy.csproj", "{72457126-E118-4171-A08F-9A709EE4B7FC}"
EndProject
Project("{FAE04EC0-301F-11D3-BF4B-00C04F79EFBC}") = "Orchard.Media", "Orchard.Web\Modules\Orchard.Media\Orchard.Media.csproj", "{D9A7B330-CD22-4DA1-A95A-8DE1982AD8EB}"
EndProject
Project("{FAE04EC0-301F-11D3-BF4B-00C04F79EFBC}") = "Orchard.Email", "Orchard.Web\Modules\Orchard.Email\Orchard.Email.csproj", "{05660F47-D649-48BD-9DED-DF4E01E7CFF9}"
EndProject
Project("{FAE04EC0-301F-11D3-BF4B-00C04F79EFBC}") = "Orchard.Comments", "Orchard.Web\Modules\Orchard.Comments\Orchard.Comments.csproj", "{14C049FD-B35B-415A-A824-87F26B26E7FD}"
EndProject
Project("{FAE04EC0-301F-11D3-BF4B-00C04F79EFBC}") = "Orchard.jQuery", "Orchard.Web\Modules\Orchard.jQuery\Orchard.jQuery.csproj", "{8F116B06-1C0E-4E4C-9A0A-D2FAB851E768}"
EndProject
Project("{FAE04EC0-301F-11D3-BF4B-00C04F79EFBC}") = "Orchard.ArchiveLater", "Orchard.Web\Modules\Orchard.ArchiveLater\Orchard.ArchiveLater.csproj", "{1C981BB3-26F7-494C-9005-CC27A5144233}"
EndProject
Project("{FAE04EC0-301F-11D3-BF4B-00C04F79EFBC}") = "Orchard.Indexing", "Orchard.Web\Modules\Orchard.Indexing\Orchard.Indexing.csproj", "{EA2B9121-EF54-40A6-A53E-6593C86EE696}"
EndProject
Project("{FAE04EC0-301F-11D3-BF4B-00C04F79EFBC}") = "Orchard.Search", "Orchard.Web\Modules\Orchard.Search\Orchard.Search.csproj", "{4BE4EB01-AC56-4048-924E-2CA77F509ABA}"
EndProject
Project("{FAE04EC0-301F-11D3-BF4B-00C04F79EFBC}") = "Lucene", "Orchard.Web\Modules\Lucene\Lucene.csproj", "{D5D447D7-EF8E-43A6-B9A4-3B025DD9F45D}"
EndProject
Project("{FAE04EC0-301F-11D3-BF4B-00C04F79EFBC}") = "Orchard.Widgets", "Orchard.Web\Modules\Orchard.Widgets\Orchard.Widgets.csproj", "{194D3CCC-1153-474D-8176-FDE8D7D0D0BD}"
EndProject
Project("{FAE04EC0-301F-11D3-BF4B-00C04F79EFBC}") = "Orchard.CodeGeneration", "Orchard.Web\Modules\Orchard.CodeGeneration\Orchard.CodeGeneration.csproj", "{C0C45321-B51D-4D8D-9B7B-AA4C2E0B2962}"
EndProject
Project("{FAE04EC0-301F-11D3-BF4B-00C04F79EFBC}") = "Orchard.Experimental", "Orchard.Web\Modules\Orchard.Experimental\Orchard.Experimental.csproj", "{AB3C207C-0126-4143-8D62-1119DF80D366}"
EndProject
Project("{FAE04EC0-301F-11D3-BF4B-00C04F79EFBC}") = "Orchard.Migrations", "Orchard.Web\Modules\Orchard.Migrations\Orchard.Migrations.csproj", "{EA4F1DA7-F2AB-4384-9AA4-9B756E2026B1}"
EndProject
Global
	GlobalSection(SolutionConfigurationPlatforms) = preSolution
		CodeCoverage|Any CPU = CodeCoverage|Any CPU
		Coverage|Any CPU = Coverage|Any CPU
		Debug|Any CPU = Debug|Any CPU
		FxCop|Any CPU = FxCop|Any CPU
		Release|Any CPU = Release|Any CPU
	EndGlobalSection
	GlobalSection(ProjectConfigurationPlatforms) = postSolution
		{50B779EA-EC00-4699-84C0-03B395C365D2}.CodeCoverage|Any CPU.ActiveCfg = Release|Any CPU
		{50B779EA-EC00-4699-84C0-03B395C365D2}.CodeCoverage|Any CPU.Build.0 = Release|Any CPU
		{50B779EA-EC00-4699-84C0-03B395C365D2}.Coverage|Any CPU.ActiveCfg = Release|Any CPU
		{50B779EA-EC00-4699-84C0-03B395C365D2}.Coverage|Any CPU.Build.0 = Release|Any CPU
		{50B779EA-EC00-4699-84C0-03B395C365D2}.Debug|Any CPU.ActiveCfg = Debug|Any CPU
		{50B779EA-EC00-4699-84C0-03B395C365D2}.Debug|Any CPU.Build.0 = Debug|Any CPU
		{50B779EA-EC00-4699-84C0-03B395C365D2}.FxCop|Any CPU.ActiveCfg = Release|Any CPU
		{50B779EA-EC00-4699-84C0-03B395C365D2}.FxCop|Any CPU.Build.0 = Release|Any CPU
		{50B779EA-EC00-4699-84C0-03B395C365D2}.Release|Any CPU.ActiveCfg = Release|Any CPU
		{50B779EA-EC00-4699-84C0-03B395C365D2}.Release|Any CPU.Build.0 = Release|Any CPU
		{2D1D92BB-4555-4CBE-8D0E-63563D6CE4C6}.CodeCoverage|Any CPU.ActiveCfg = Release|Any CPU
		{2D1D92BB-4555-4CBE-8D0E-63563D6CE4C6}.CodeCoverage|Any CPU.Build.0 = Release|Any CPU
		{2D1D92BB-4555-4CBE-8D0E-63563D6CE4C6}.Coverage|Any CPU.ActiveCfg = Release|Any CPU
		{2D1D92BB-4555-4CBE-8D0E-63563D6CE4C6}.Coverage|Any CPU.Build.0 = Release|Any CPU
		{2D1D92BB-4555-4CBE-8D0E-63563D6CE4C6}.Debug|Any CPU.ActiveCfg = Debug|Any CPU
		{2D1D92BB-4555-4CBE-8D0E-63563D6CE4C6}.Debug|Any CPU.Build.0 = Debug|Any CPU
		{2D1D92BB-4555-4CBE-8D0E-63563D6CE4C6}.FxCop|Any CPU.ActiveCfg = Release|Any CPU
		{2D1D92BB-4555-4CBE-8D0E-63563D6CE4C6}.FxCop|Any CPU.Build.0 = Release|Any CPU
		{2D1D92BB-4555-4CBE-8D0E-63563D6CE4C6}.Release|Any CPU.ActiveCfg = Release|Any CPU
		{2D1D92BB-4555-4CBE-8D0E-63563D6CE4C6}.Release|Any CPU.Build.0 = Release|Any CPU
		{ABC826D4-2FA1-4F2F-87DE-E6095F653810}.CodeCoverage|Any CPU.ActiveCfg = Release|Any CPU
		{ABC826D4-2FA1-4F2F-87DE-E6095F653810}.CodeCoverage|Any CPU.Build.0 = Release|Any CPU
		{ABC826D4-2FA1-4F2F-87DE-E6095F653810}.Coverage|Any CPU.ActiveCfg = Release|Any CPU
		{ABC826D4-2FA1-4F2F-87DE-E6095F653810}.Coverage|Any CPU.Build.0 = Release|Any CPU
		{ABC826D4-2FA1-4F2F-87DE-E6095F653810}.Debug|Any CPU.ActiveCfg = Debug|Any CPU
		{ABC826D4-2FA1-4F2F-87DE-E6095F653810}.Debug|Any CPU.Build.0 = Debug|Any CPU
		{ABC826D4-2FA1-4F2F-87DE-E6095F653810}.FxCop|Any CPU.ActiveCfg = Release|Any CPU
		{ABC826D4-2FA1-4F2F-87DE-E6095F653810}.FxCop|Any CPU.Build.0 = Release|Any CPU
		{ABC826D4-2FA1-4F2F-87DE-E6095F653810}.Release|Any CPU.ActiveCfg = Release|Any CPU
		{ABC826D4-2FA1-4F2F-87DE-E6095F653810}.Release|Any CPU.Build.0 = Release|Any CPU
		{F112851D-B023-4746-B6B1-8D2E5AD8F7AA}.CodeCoverage|Any CPU.ActiveCfg = Release|Any CPU
		{F112851D-B023-4746-B6B1-8D2E5AD8F7AA}.CodeCoverage|Any CPU.Build.0 = Release|Any CPU
		{F112851D-B023-4746-B6B1-8D2E5AD8F7AA}.Coverage|Any CPU.ActiveCfg = Release|Any CPU
		{F112851D-B023-4746-B6B1-8D2E5AD8F7AA}.Coverage|Any CPU.Build.0 = Release|Any CPU
		{F112851D-B023-4746-B6B1-8D2E5AD8F7AA}.Debug|Any CPU.ActiveCfg = Debug|Any CPU
		{F112851D-B023-4746-B6B1-8D2E5AD8F7AA}.Debug|Any CPU.Build.0 = Debug|Any CPU
		{F112851D-B023-4746-B6B1-8D2E5AD8F7AA}.FxCop|Any CPU.ActiveCfg = Release|Any CPU
		{F112851D-B023-4746-B6B1-8D2E5AD8F7AA}.FxCop|Any CPU.Build.0 = Release|Any CPU
		{F112851D-B023-4746-B6B1-8D2E5AD8F7AA}.Release|Any CPU.ActiveCfg = Release|Any CPU
		{F112851D-B023-4746-B6B1-8D2E5AD8F7AA}.Release|Any CPU.Build.0 = Release|Any CPU
		{79AED36E-ABD0-4747-93D3-8722B042454B}.CodeCoverage|Any CPU.ActiveCfg = Release|Any CPU
		{79AED36E-ABD0-4747-93D3-8722B042454B}.CodeCoverage|Any CPU.Build.0 = Release|Any CPU
		{79AED36E-ABD0-4747-93D3-8722B042454B}.Coverage|Any CPU.ActiveCfg = Release|Any CPU
		{79AED36E-ABD0-4747-93D3-8722B042454B}.Coverage|Any CPU.Build.0 = Release|Any CPU
		{79AED36E-ABD0-4747-93D3-8722B042454B}.Debug|Any CPU.ActiveCfg = Debug|Any CPU
		{79AED36E-ABD0-4747-93D3-8722B042454B}.Debug|Any CPU.Build.0 = Debug|Any CPU
		{79AED36E-ABD0-4747-93D3-8722B042454B}.FxCop|Any CPU.ActiveCfg = Release|Any CPU
		{79AED36E-ABD0-4747-93D3-8722B042454B}.FxCop|Any CPU.Build.0 = Release|Any CPU
		{79AED36E-ABD0-4747-93D3-8722B042454B}.Release|Any CPU.ActiveCfg = Release|Any CPU
		{79AED36E-ABD0-4747-93D3-8722B042454B}.Release|Any CPU.Build.0 = Release|Any CPU
		{6CB3EB30-F725-45C0-9742-42599BA8E8D2}.CodeCoverage|Any CPU.ActiveCfg = Release|Any CPU
		{6CB3EB30-F725-45C0-9742-42599BA8E8D2}.CodeCoverage|Any CPU.Build.0 = Release|Any CPU
		{6CB3EB30-F725-45C0-9742-42599BA8E8D2}.Coverage|Any CPU.ActiveCfg = Release|Any CPU
		{6CB3EB30-F725-45C0-9742-42599BA8E8D2}.Coverage|Any CPU.Build.0 = Release|Any CPU
		{6CB3EB30-F725-45C0-9742-42599BA8E8D2}.Debug|Any CPU.ActiveCfg = Debug|Any CPU
		{6CB3EB30-F725-45C0-9742-42599BA8E8D2}.Debug|Any CPU.Build.0 = Debug|Any CPU
		{6CB3EB30-F725-45C0-9742-42599BA8E8D2}.FxCop|Any CPU.ActiveCfg = Release|Any CPU
		{6CB3EB30-F725-45C0-9742-42599BA8E8D2}.FxCop|Any CPU.Build.0 = Release|Any CPU
		{6CB3EB30-F725-45C0-9742-42599BA8E8D2}.Release|Any CPU.ActiveCfg = Release|Any CPU
		{6CB3EB30-F725-45C0-9742-42599BA8E8D2}.Release|Any CPU.Build.0 = Release|Any CPU
		{D10AD48F-407D-4DB5-A328-173EC7CB010F}.CodeCoverage|Any CPU.ActiveCfg = Release|Any CPU
		{D10AD48F-407D-4DB5-A328-173EC7CB010F}.CodeCoverage|Any CPU.Build.0 = Release|Any CPU
		{D10AD48F-407D-4DB5-A328-173EC7CB010F}.Coverage|Any CPU.ActiveCfg = Release|Any CPU
		{D10AD48F-407D-4DB5-A328-173EC7CB010F}.Coverage|Any CPU.Build.0 = Release|Any CPU
		{D10AD48F-407D-4DB5-A328-173EC7CB010F}.Debug|Any CPU.ActiveCfg = Debug|Any CPU
		{D10AD48F-407D-4DB5-A328-173EC7CB010F}.Debug|Any CPU.Build.0 = Debug|Any CPU
		{D10AD48F-407D-4DB5-A328-173EC7CB010F}.FxCop|Any CPU.ActiveCfg = Release|Any CPU
		{D10AD48F-407D-4DB5-A328-173EC7CB010F}.FxCop|Any CPU.Build.0 = Release|Any CPU
		{D10AD48F-407D-4DB5-A328-173EC7CB010F}.Release|Any CPU.ActiveCfg = Release|Any CPU
		{D10AD48F-407D-4DB5-A328-173EC7CB010F}.Release|Any CPU.Build.0 = Release|Any CPU
		{9916839C-39FC-4CEB-A5AF-89CA7E87119F}.CodeCoverage|Any CPU.ActiveCfg = Release|Any CPU
		{9916839C-39FC-4CEB-A5AF-89CA7E87119F}.CodeCoverage|Any CPU.Build.0 = Release|Any CPU
		{9916839C-39FC-4CEB-A5AF-89CA7E87119F}.Coverage|Any CPU.ActiveCfg = Release|Any CPU
		{9916839C-39FC-4CEB-A5AF-89CA7E87119F}.Coverage|Any CPU.Build.0 = Release|Any CPU
		{9916839C-39FC-4CEB-A5AF-89CA7E87119F}.Debug|Any CPU.ActiveCfg = Debug|Any CPU
		{9916839C-39FC-4CEB-A5AF-89CA7E87119F}.Debug|Any CPU.Build.0 = Debug|Any CPU
		{9916839C-39FC-4CEB-A5AF-89CA7E87119F}.FxCop|Any CPU.ActiveCfg = Release|Any CPU
		{9916839C-39FC-4CEB-A5AF-89CA7E87119F}.FxCop|Any CPU.Build.0 = Release|Any CPU
		{9916839C-39FC-4CEB-A5AF-89CA7E87119F}.Release|Any CPU.ActiveCfg = Release|Any CPU
		{9916839C-39FC-4CEB-A5AF-89CA7E87119F}.Release|Any CPU.Build.0 = Release|Any CPU
		{2FC1D9C8-446D-4414-B252-5E9FBE61EB63}.CodeCoverage|Any CPU.ActiveCfg = Release|Any CPU
		{2FC1D9C8-446D-4414-B252-5E9FBE61EB63}.CodeCoverage|Any CPU.Build.0 = Release|Any CPU
		{2FC1D9C8-446D-4414-B252-5E9FBE61EB63}.Coverage|Any CPU.ActiveCfg = Release|Any CPU
		{2FC1D9C8-446D-4414-B252-5E9FBE61EB63}.Coverage|Any CPU.Build.0 = Release|Any CPU
		{2FC1D9C8-446D-4414-B252-5E9FBE61EB63}.Debug|Any CPU.ActiveCfg = Debug|Any CPU
		{2FC1D9C8-446D-4414-B252-5E9FBE61EB63}.Debug|Any CPU.Build.0 = Debug|Any CPU
		{2FC1D9C8-446D-4414-B252-5E9FBE61EB63}.FxCop|Any CPU.ActiveCfg = Release|Any CPU
		{2FC1D9C8-446D-4414-B252-5E9FBE61EB63}.FxCop|Any CPU.Build.0 = Release|Any CPU
		{2FC1D9C8-446D-4414-B252-5E9FBE61EB63}.Release|Any CPU.ActiveCfg = Release|Any CPU
		{2FC1D9C8-446D-4414-B252-5E9FBE61EB63}.Release|Any CPU.Build.0 = Release|Any CPU
		{8C7FCBC2-E6E1-405E-BFB5-D8D9E67A09C4}.CodeCoverage|Any CPU.ActiveCfg = Release|Any CPU
		{8C7FCBC2-E6E1-405E-BFB5-D8D9E67A09C4}.CodeCoverage|Any CPU.Build.0 = Release|Any CPU
		{8C7FCBC2-E6E1-405E-BFB5-D8D9E67A09C4}.Coverage|Any CPU.ActiveCfg = Release|Any CPU
		{8C7FCBC2-E6E1-405E-BFB5-D8D9E67A09C4}.Coverage|Any CPU.Build.0 = Release|Any CPU
		{8C7FCBC2-E6E1-405E-BFB5-D8D9E67A09C4}.Debug|Any CPU.ActiveCfg = Debug|Any CPU
		{8C7FCBC2-E6E1-405E-BFB5-D8D9E67A09C4}.Debug|Any CPU.Build.0 = Debug|Any CPU
		{8C7FCBC2-E6E1-405E-BFB5-D8D9E67A09C4}.FxCop|Any CPU.ActiveCfg = Release|Any CPU
		{8C7FCBC2-E6E1-405E-BFB5-D8D9E67A09C4}.FxCop|Any CPU.Build.0 = Release|Any CPU
		{8C7FCBC2-E6E1-405E-BFB5-D8D9E67A09C4}.Release|Any CPU.ActiveCfg = Release|Any CPU
		{8C7FCBC2-E6E1-405E-BFB5-D8D9E67A09C4}.Release|Any CPU.Build.0 = Release|Any CPU
		{5E5E7A21-C7B2-44D8-8593-2F9541AE041D}.CodeCoverage|Any CPU.ActiveCfg = Release|Any CPU
		{5E5E7A21-C7B2-44D8-8593-2F9541AE041D}.CodeCoverage|Any CPU.Build.0 = Release|Any CPU
		{5E5E7A21-C7B2-44D8-8593-2F9541AE041D}.Coverage|Any CPU.ActiveCfg = Release|Any CPU
		{5E5E7A21-C7B2-44D8-8593-2F9541AE041D}.Coverage|Any CPU.Build.0 = Release|Any CPU
		{5E5E7A21-C7B2-44D8-8593-2F9541AE041D}.Debug|Any CPU.ActiveCfg = Debug|Any CPU
		{5E5E7A21-C7B2-44D8-8593-2F9541AE041D}.Debug|Any CPU.Build.0 = Debug|Any CPU
		{5E5E7A21-C7B2-44D8-8593-2F9541AE041D}.FxCop|Any CPU.ActiveCfg = Release|Any CPU
		{5E5E7A21-C7B2-44D8-8593-2F9541AE041D}.FxCop|Any CPU.Build.0 = Release|Any CPU
		{5E5E7A21-C7B2-44D8-8593-2F9541AE041D}.Release|Any CPU.ActiveCfg = Release|Any CPU
		{5E5E7A21-C7B2-44D8-8593-2F9541AE041D}.Release|Any CPU.Build.0 = Release|Any CPU
		{4AB4B5B6-277E-4FF6-B69B-7AE9E16D2A56}.CodeCoverage|Any CPU.ActiveCfg = Release|Any CPU
		{4AB4B5B6-277E-4FF6-B69B-7AE9E16D2A56}.CodeCoverage|Any CPU.Build.0 = Release|Any CPU
		{4AB4B5B6-277E-4FF6-B69B-7AE9E16D2A56}.Coverage|Any CPU.ActiveCfg = Release|Any CPU
		{4AB4B5B6-277E-4FF6-B69B-7AE9E16D2A56}.Coverage|Any CPU.Build.0 = Release|Any CPU
		{4AB4B5B6-277E-4FF6-B69B-7AE9E16D2A56}.Debug|Any CPU.ActiveCfg = Debug|Any CPU
		{4AB4B5B6-277E-4FF6-B69B-7AE9E16D2A56}.Debug|Any CPU.Build.0 = Debug|Any CPU
		{4AB4B5B6-277E-4FF6-B69B-7AE9E16D2A56}.FxCop|Any CPU.ActiveCfg = Release|Any CPU
		{4AB4B5B6-277E-4FF6-B69B-7AE9E16D2A56}.FxCop|Any CPU.Build.0 = Release|Any CPU
		{4AB4B5B6-277E-4FF6-B69B-7AE9E16D2A56}.Release|Any CPU.ActiveCfg = Release|Any CPU
		{4AB4B5B6-277E-4FF6-B69B-7AE9E16D2A56}.Release|Any CPU.Build.0 = Release|Any CPU
		{7354DF37-934B-46CF-A13C-455D5F5F5413}.CodeCoverage|Any CPU.ActiveCfg = Release|Any CPU
		{7354DF37-934B-46CF-A13C-455D5F5F5413}.CodeCoverage|Any CPU.Build.0 = Release|Any CPU
		{7354DF37-934B-46CF-A13C-455D5F5F5413}.Coverage|Any CPU.ActiveCfg = Release|Any CPU
		{7354DF37-934B-46CF-A13C-455D5F5F5413}.Coverage|Any CPU.Build.0 = Release|Any CPU
		{7354DF37-934B-46CF-A13C-455D5F5F5413}.Debug|Any CPU.ActiveCfg = Debug|Any CPU
		{7354DF37-934B-46CF-A13C-455D5F5F5413}.Debug|Any CPU.Build.0 = Debug|Any CPU
		{7354DF37-934B-46CF-A13C-455D5F5F5413}.FxCop|Any CPU.ActiveCfg = Release|Any CPU
		{7354DF37-934B-46CF-A13C-455D5F5F5413}.FxCop|Any CPU.Build.0 = Release|Any CPU
		{7354DF37-934B-46CF-A13C-455D5F5F5413}.Release|Any CPU.ActiveCfg = Release|Any CPU
		{7354DF37-934B-46CF-A13C-455D5F5F5413}.Release|Any CPU.Build.0 = Release|Any CPU
		{33B1BC8D-E292-4972-A363-22056B207156}.CodeCoverage|Any CPU.ActiveCfg = Release|Any CPU
		{33B1BC8D-E292-4972-A363-22056B207156}.CodeCoverage|Any CPU.Build.0 = Release|Any CPU
		{33B1BC8D-E292-4972-A363-22056B207156}.Coverage|Any CPU.ActiveCfg = Release|Any CPU
		{33B1BC8D-E292-4972-A363-22056B207156}.Coverage|Any CPU.Build.0 = Release|Any CPU
		{33B1BC8D-E292-4972-A363-22056B207156}.Debug|Any CPU.ActiveCfg = Debug|Any CPU
		{33B1BC8D-E292-4972-A363-22056B207156}.Debug|Any CPU.Build.0 = Debug|Any CPU
		{33B1BC8D-E292-4972-A363-22056B207156}.FxCop|Any CPU.ActiveCfg = Release|Any CPU
		{33B1BC8D-E292-4972-A363-22056B207156}.FxCop|Any CPU.Build.0 = Release|Any CPU
		{33B1BC8D-E292-4972-A363-22056B207156}.Release|Any CPU.ActiveCfg = Release|Any CPU
		{33B1BC8D-E292-4972-A363-22056B207156}.Release|Any CPU.Build.0 = Release|Any CPU
		{CDE24A24-01D3-403C-84B9-37722E18DFB7}.CodeCoverage|Any CPU.ActiveCfg = Release|Any CPU
		{CDE24A24-01D3-403C-84B9-37722E18DFB7}.CodeCoverage|Any CPU.Build.0 = Release|Any CPU
		{CDE24A24-01D3-403C-84B9-37722E18DFB7}.Coverage|Any CPU.ActiveCfg = Release|Any CPU
		{CDE24A24-01D3-403C-84B9-37722E18DFB7}.Coverage|Any CPU.Build.0 = Release|Any CPU
		{CDE24A24-01D3-403C-84B9-37722E18DFB7}.Debug|Any CPU.ActiveCfg = Debug|Any CPU
		{CDE24A24-01D3-403C-84B9-37722E18DFB7}.Debug|Any CPU.Build.0 = Debug|Any CPU
		{CDE24A24-01D3-403C-84B9-37722E18DFB7}.FxCop|Any CPU.ActiveCfg = Release|Any CPU
		{CDE24A24-01D3-403C-84B9-37722E18DFB7}.FxCop|Any CPU.Build.0 = Release|Any CPU
		{CDE24A24-01D3-403C-84B9-37722E18DFB7}.Release|Any CPU.ActiveCfg = Release|Any CPU
		{CDE24A24-01D3-403C-84B9-37722E18DFB7}.Release|Any CPU.Build.0 = Release|Any CPU
		{94E694A2-D140-468D-A277-C5FCE1D13E9B}.CodeCoverage|Any CPU.ActiveCfg = Release|Any CPU
		{94E694A2-D140-468D-A277-C5FCE1D13E9B}.CodeCoverage|Any CPU.Build.0 = Release|Any CPU
		{94E694A2-D140-468D-A277-C5FCE1D13E9B}.Coverage|Any CPU.ActiveCfg = Release|Any CPU
		{94E694A2-D140-468D-A277-C5FCE1D13E9B}.Coverage|Any CPU.Build.0 = Release|Any CPU
		{94E694A2-D140-468D-A277-C5FCE1D13E9B}.Debug|Any CPU.ActiveCfg = Debug|Any CPU
		{94E694A2-D140-468D-A277-C5FCE1D13E9B}.Debug|Any CPU.Build.0 = Debug|Any CPU
		{94E694A2-D140-468D-A277-C5FCE1D13E9B}.FxCop|Any CPU.ActiveCfg = Release|Any CPU
		{94E694A2-D140-468D-A277-C5FCE1D13E9B}.FxCop|Any CPU.Build.0 = Release|Any CPU
		{94E694A2-D140-468D-A277-C5FCE1D13E9B}.Release|Any CPU.ActiveCfg = Release|Any CPU
		{94E694A2-D140-468D-A277-C5FCE1D13E9B}.Release|Any CPU.Build.0 = Release|Any CPU
		{8A4E42CE-79F8-4BE2-8B1E-A6B83432123B}.CodeCoverage|Any CPU.ActiveCfg = Release|Any CPU
		{8A4E42CE-79F8-4BE2-8B1E-A6B83432123B}.CodeCoverage|Any CPU.Build.0 = Release|Any CPU
		{8A4E42CE-79F8-4BE2-8B1E-A6B83432123B}.Coverage|Any CPU.ActiveCfg = Release|Any CPU
		{8A4E42CE-79F8-4BE2-8B1E-A6B83432123B}.Coverage|Any CPU.Build.0 = Release|Any CPU
		{8A4E42CE-79F8-4BE2-8B1E-A6B83432123B}.Debug|Any CPU.ActiveCfg = Debug|Any CPU
		{8A4E42CE-79F8-4BE2-8B1E-A6B83432123B}.Debug|Any CPU.Build.0 = Debug|Any CPU
		{8A4E42CE-79F8-4BE2-8B1E-A6B83432123B}.FxCop|Any CPU.ActiveCfg = Release|Any CPU
		{8A4E42CE-79F8-4BE2-8B1E-A6B83432123B}.FxCop|Any CPU.Build.0 = Release|Any CPU
		{8A4E42CE-79F8-4BE2-8B1E-A6B83432123B}.Release|Any CPU.ActiveCfg = Release|Any CPU
		{8A4E42CE-79F8-4BE2-8B1E-A6B83432123B}.Release|Any CPU.Build.0 = Release|Any CPU
		{0DFA2E10-96C8-4E05-BC10-B710B97ECCDE}.CodeCoverage|Any CPU.ActiveCfg = Release|Any CPU
		{0DFA2E10-96C8-4E05-BC10-B710B97ECCDE}.CodeCoverage|Any CPU.Build.0 = Release|Any CPU
		{0DFA2E10-96C8-4E05-BC10-B710B97ECCDE}.Coverage|Any CPU.ActiveCfg = Release|Any CPU
		{0DFA2E10-96C8-4E05-BC10-B710B97ECCDE}.Coverage|Any CPU.Build.0 = Release|Any CPU
		{0DFA2E10-96C8-4E05-BC10-B710B97ECCDE}.Debug|Any CPU.ActiveCfg = Debug|Any CPU
		{0DFA2E10-96C8-4E05-BC10-B710B97ECCDE}.Debug|Any CPU.Build.0 = Debug|Any CPU
		{0DFA2E10-96C8-4E05-BC10-B710B97ECCDE}.FxCop|Any CPU.ActiveCfg = Release|Any CPU
		{0DFA2E10-96C8-4E05-BC10-B710B97ECCDE}.FxCop|Any CPU.Build.0 = Release|Any CPU
		{0DFA2E10-96C8-4E05-BC10-B710B97ECCDE}.Release|Any CPU.ActiveCfg = Release|Any CPU
		{0DFA2E10-96C8-4E05-BC10-B710B97ECCDE}.Release|Any CPU.Build.0 = Release|Any CPU
		{17F86780-9A1F-4AA1-86F1-875EEC2730C7}.CodeCoverage|Any CPU.ActiveCfg = Release|Any CPU
		{17F86780-9A1F-4AA1-86F1-875EEC2730C7}.CodeCoverage|Any CPU.Build.0 = Release|Any CPU
		{17F86780-9A1F-4AA1-86F1-875EEC2730C7}.Coverage|Any CPU.ActiveCfg = Release|Any CPU
		{17F86780-9A1F-4AA1-86F1-875EEC2730C7}.Coverage|Any CPU.Build.0 = Release|Any CPU
		{17F86780-9A1F-4AA1-86F1-875EEC2730C7}.Debug|Any CPU.ActiveCfg = Debug|Any CPU
		{17F86780-9A1F-4AA1-86F1-875EEC2730C7}.Debug|Any CPU.Build.0 = Debug|Any CPU
		{17F86780-9A1F-4AA1-86F1-875EEC2730C7}.FxCop|Any CPU.ActiveCfg = Release|Any CPU
		{17F86780-9A1F-4AA1-86F1-875EEC2730C7}.FxCop|Any CPU.Build.0 = Release|Any CPU
		{17F86780-9A1F-4AA1-86F1-875EEC2730C7}.Release|Any CPU.ActiveCfg = Release|Any CPU
		{17F86780-9A1F-4AA1-86F1-875EEC2730C7}.Release|Any CPU.Build.0 = Release|Any CPU
		{DFD137A2-DDB5-4D22-BE0D-FA9AD4C8B059}.CodeCoverage|Any CPU.ActiveCfg = Release|Any CPU
		{DFD137A2-DDB5-4D22-BE0D-FA9AD4C8B059}.CodeCoverage|Any CPU.Build.0 = Release|Any CPU
		{DFD137A2-DDB5-4D22-BE0D-FA9AD4C8B059}.Coverage|Any CPU.ActiveCfg = Release|Any CPU
		{DFD137A2-DDB5-4D22-BE0D-FA9AD4C8B059}.Coverage|Any CPU.Build.0 = Release|Any CPU
		{DFD137A2-DDB5-4D22-BE0D-FA9AD4C8B059}.Debug|Any CPU.ActiveCfg = Debug|Any CPU
		{DFD137A2-DDB5-4D22-BE0D-FA9AD4C8B059}.Debug|Any CPU.Build.0 = Debug|Any CPU
		{DFD137A2-DDB5-4D22-BE0D-FA9AD4C8B059}.FxCop|Any CPU.ActiveCfg = Release|Any CPU
		{DFD137A2-DDB5-4D22-BE0D-FA9AD4C8B059}.FxCop|Any CPU.Build.0 = Release|Any CPU
		{DFD137A2-DDB5-4D22-BE0D-FA9AD4C8B059}.Release|Any CPU.ActiveCfg = Release|Any CPU
		{DFD137A2-DDB5-4D22-BE0D-FA9AD4C8B059}.Release|Any CPU.Build.0 = Release|Any CPU
		{0E7646E8-FE8F-43C1-8799-D97860925EC4}.CodeCoverage|Any CPU.ActiveCfg = Release|Any CPU
		{0E7646E8-FE8F-43C1-8799-D97860925EC4}.CodeCoverage|Any CPU.Build.0 = Release|Any CPU
		{0E7646E8-FE8F-43C1-8799-D97860925EC4}.Coverage|Any CPU.ActiveCfg = Release|Any CPU
		{0E7646E8-FE8F-43C1-8799-D97860925EC4}.Coverage|Any CPU.Build.0 = Release|Any CPU
		{0E7646E8-FE8F-43C1-8799-D97860925EC4}.Debug|Any CPU.ActiveCfg = Debug|Any CPU
		{0E7646E8-FE8F-43C1-8799-D97860925EC4}.Debug|Any CPU.Build.0 = Debug|Any CPU
		{0E7646E8-FE8F-43C1-8799-D97860925EC4}.FxCop|Any CPU.ActiveCfg = Release|Any CPU
		{0E7646E8-FE8F-43C1-8799-D97860925EC4}.FxCop|Any CPU.Build.0 = Release|Any CPU
		{0E7646E8-FE8F-43C1-8799-D97860925EC4}.Release|Any CPU.ActiveCfg = Release|Any CPU
		{0E7646E8-FE8F-43C1-8799-D97860925EC4}.Release|Any CPU.Build.0 = Release|Any CPU
		{63FBD4D9-E1DA-4A7B-AA6A-D6074FE50867}.CodeCoverage|Any CPU.ActiveCfg = Release|Any CPU
		{63FBD4D9-E1DA-4A7B-AA6A-D6074FE50867}.CodeCoverage|Any CPU.Build.0 = Release|Any CPU
		{63FBD4D9-E1DA-4A7B-AA6A-D6074FE50867}.Coverage|Any CPU.ActiveCfg = Release|Any CPU
		{63FBD4D9-E1DA-4A7B-AA6A-D6074FE50867}.Coverage|Any CPU.Build.0 = Release|Any CPU
		{63FBD4D9-E1DA-4A7B-AA6A-D6074FE50867}.Debug|Any CPU.ActiveCfg = Debug|Any CPU
		{63FBD4D9-E1DA-4A7B-AA6A-D6074FE50867}.Debug|Any CPU.Build.0 = Debug|Any CPU
		{63FBD4D9-E1DA-4A7B-AA6A-D6074FE50867}.FxCop|Any CPU.ActiveCfg = Release|Any CPU
		{63FBD4D9-E1DA-4A7B-AA6A-D6074FE50867}.FxCop|Any CPU.Build.0 = Release|Any CPU
		{63FBD4D9-E1DA-4A7B-AA6A-D6074FE50867}.Release|Any CPU.ActiveCfg = Release|Any CPU
		{63FBD4D9-E1DA-4A7B-AA6A-D6074FE50867}.Release|Any CPU.Build.0 = Release|Any CPU
		{5D0F00F0-26C9-4785-AD61-B85710C60EB0}.CodeCoverage|Any CPU.ActiveCfg = Release|Any CPU
		{5D0F00F0-26C9-4785-AD61-B85710C60EB0}.CodeCoverage|Any CPU.Build.0 = Release|Any CPU
		{5D0F00F0-26C9-4785-AD61-B85710C60EB0}.Coverage|Any CPU.ActiveCfg = Release|Any CPU
		{5D0F00F0-26C9-4785-AD61-B85710C60EB0}.Coverage|Any CPU.Build.0 = Release|Any CPU
		{5D0F00F0-26C9-4785-AD61-B85710C60EB0}.Debug|Any CPU.ActiveCfg = Debug|Any CPU
		{5D0F00F0-26C9-4785-AD61-B85710C60EB0}.Debug|Any CPU.Build.0 = Debug|Any CPU
		{5D0F00F0-26C9-4785-AD61-B85710C60EB0}.FxCop|Any CPU.ActiveCfg = Release|Any CPU
		{5D0F00F0-26C9-4785-AD61-B85710C60EB0}.FxCop|Any CPU.Build.0 = Release|Any CPU
		{5D0F00F0-26C9-4785-AD61-B85710C60EB0}.Release|Any CPU.ActiveCfg = Release|Any CPU
		{5D0F00F0-26C9-4785-AD61-B85710C60EB0}.Release|Any CPU.Build.0 = Release|Any CPU
		{954CA994-D204-468B-9D69-51F6AD3E1C29}.CodeCoverage|Any CPU.ActiveCfg = Release|Any CPU
		{954CA994-D204-468B-9D69-51F6AD3E1C29}.CodeCoverage|Any CPU.Build.0 = Release|Any CPU
		{954CA994-D204-468B-9D69-51F6AD3E1C29}.Coverage|Any CPU.ActiveCfg = Release|Any CPU
		{954CA994-D204-468B-9D69-51F6AD3E1C29}.Coverage|Any CPU.Build.0 = Release|Any CPU
		{954CA994-D204-468B-9D69-51F6AD3E1C29}.Debug|Any CPU.ActiveCfg = Debug|Any CPU
		{954CA994-D204-468B-9D69-51F6AD3E1C29}.Debug|Any CPU.Build.0 = Debug|Any CPU
		{954CA994-D204-468B-9D69-51F6AD3E1C29}.FxCop|Any CPU.ActiveCfg = Release|Any CPU
		{954CA994-D204-468B-9D69-51F6AD3E1C29}.FxCop|Any CPU.Build.0 = Release|Any CPU
		{954CA994-D204-468B-9D69-51F6AD3E1C29}.Release|Any CPU.ActiveCfg = Release|Any CPU
		{954CA994-D204-468B-9D69-51F6AD3E1C29}.Release|Any CPU.Build.0 = Release|Any CPU
		{72457126-E118-4171-A08F-9A709EE4B7FC}.CodeCoverage|Any CPU.ActiveCfg = Release|Any CPU
		{72457126-E118-4171-A08F-9A709EE4B7FC}.CodeCoverage|Any CPU.Build.0 = Release|Any CPU
		{72457126-E118-4171-A08F-9A709EE4B7FC}.Coverage|Any CPU.ActiveCfg = Release|Any CPU
		{72457126-E118-4171-A08F-9A709EE4B7FC}.Coverage|Any CPU.Build.0 = Release|Any CPU
		{72457126-E118-4171-A08F-9A709EE4B7FC}.Debug|Any CPU.ActiveCfg = Debug|Any CPU
		{72457126-E118-4171-A08F-9A709EE4B7FC}.Debug|Any CPU.Build.0 = Debug|Any CPU
		{72457126-E118-4171-A08F-9A709EE4B7FC}.FxCop|Any CPU.ActiveCfg = Release|Any CPU
		{72457126-E118-4171-A08F-9A709EE4B7FC}.FxCop|Any CPU.Build.0 = Release|Any CPU
		{72457126-E118-4171-A08F-9A709EE4B7FC}.Release|Any CPU.ActiveCfg = Release|Any CPU
		{72457126-E118-4171-A08F-9A709EE4B7FC}.Release|Any CPU.Build.0 = Release|Any CPU
		{D9A7B330-CD22-4DA1-A95A-8DE1982AD8EB}.CodeCoverage|Any CPU.ActiveCfg = Release|Any CPU
		{D9A7B330-CD22-4DA1-A95A-8DE1982AD8EB}.CodeCoverage|Any CPU.Build.0 = Release|Any CPU
		{D9A7B330-CD22-4DA1-A95A-8DE1982AD8EB}.Coverage|Any CPU.ActiveCfg = Release|Any CPU
		{D9A7B330-CD22-4DA1-A95A-8DE1982AD8EB}.Coverage|Any CPU.Build.0 = Release|Any CPU
		{D9A7B330-CD22-4DA1-A95A-8DE1982AD8EB}.Debug|Any CPU.ActiveCfg = Debug|Any CPU
		{D9A7B330-CD22-4DA1-A95A-8DE1982AD8EB}.Debug|Any CPU.Build.0 = Debug|Any CPU
		{D9A7B330-CD22-4DA1-A95A-8DE1982AD8EB}.FxCop|Any CPU.ActiveCfg = Release|Any CPU
		{D9A7B330-CD22-4DA1-A95A-8DE1982AD8EB}.FxCop|Any CPU.Build.0 = Release|Any CPU
		{D9A7B330-CD22-4DA1-A95A-8DE1982AD8EB}.Release|Any CPU.ActiveCfg = Release|Any CPU
		{D9A7B330-CD22-4DA1-A95A-8DE1982AD8EB}.Release|Any CPU.Build.0 = Release|Any CPU
		{05660F47-D649-48BD-9DED-DF4E01E7CFF9}.CodeCoverage|Any CPU.ActiveCfg = Release|Any CPU
		{05660F47-D649-48BD-9DED-DF4E01E7CFF9}.CodeCoverage|Any CPU.Build.0 = Release|Any CPU
		{05660F47-D649-48BD-9DED-DF4E01E7CFF9}.Coverage|Any CPU.ActiveCfg = Release|Any CPU
		{05660F47-D649-48BD-9DED-DF4E01E7CFF9}.Coverage|Any CPU.Build.0 = Release|Any CPU
		{05660F47-D649-48BD-9DED-DF4E01E7CFF9}.Debug|Any CPU.ActiveCfg = Debug|Any CPU
		{05660F47-D649-48BD-9DED-DF4E01E7CFF9}.Debug|Any CPU.Build.0 = Debug|Any CPU
		{05660F47-D649-48BD-9DED-DF4E01E7CFF9}.FxCop|Any CPU.ActiveCfg = Release|Any CPU
		{05660F47-D649-48BD-9DED-DF4E01E7CFF9}.FxCop|Any CPU.Build.0 = Release|Any CPU
		{05660F47-D649-48BD-9DED-DF4E01E7CFF9}.Release|Any CPU.ActiveCfg = Release|Any CPU
		{05660F47-D649-48BD-9DED-DF4E01E7CFF9}.Release|Any CPU.Build.0 = Release|Any CPU
		{14C049FD-B35B-415A-A824-87F26B26E7FD}.CodeCoverage|Any CPU.ActiveCfg = Release|Any CPU
		{14C049FD-B35B-415A-A824-87F26B26E7FD}.CodeCoverage|Any CPU.Build.0 = Release|Any CPU
		{14C049FD-B35B-415A-A824-87F26B26E7FD}.Coverage|Any CPU.ActiveCfg = Release|Any CPU
		{14C049FD-B35B-415A-A824-87F26B26E7FD}.Coverage|Any CPU.Build.0 = Release|Any CPU
		{14C049FD-B35B-415A-A824-87F26B26E7FD}.Debug|Any CPU.ActiveCfg = Debug|Any CPU
		{14C049FD-B35B-415A-A824-87F26B26E7FD}.Debug|Any CPU.Build.0 = Debug|Any CPU
		{14C049FD-B35B-415A-A824-87F26B26E7FD}.FxCop|Any CPU.ActiveCfg = Release|Any CPU
		{14C049FD-B35B-415A-A824-87F26B26E7FD}.FxCop|Any CPU.Build.0 = Release|Any CPU
		{14C049FD-B35B-415A-A824-87F26B26E7FD}.Release|Any CPU.ActiveCfg = Release|Any CPU
		{14C049FD-B35B-415A-A824-87F26B26E7FD}.Release|Any CPU.Build.0 = Release|Any CPU
		{8F116B06-1C0E-4E4C-9A0A-D2FAB851E768}.CodeCoverage|Any CPU.ActiveCfg = Release|Any CPU
		{8F116B06-1C0E-4E4C-9A0A-D2FAB851E768}.CodeCoverage|Any CPU.Build.0 = Release|Any CPU
		{8F116B06-1C0E-4E4C-9A0A-D2FAB851E768}.Coverage|Any CPU.ActiveCfg = Release|Any CPU
		{8F116B06-1C0E-4E4C-9A0A-D2FAB851E768}.Coverage|Any CPU.Build.0 = Release|Any CPU
		{8F116B06-1C0E-4E4C-9A0A-D2FAB851E768}.Debug|Any CPU.ActiveCfg = Debug|Any CPU
		{8F116B06-1C0E-4E4C-9A0A-D2FAB851E768}.Debug|Any CPU.Build.0 = Debug|Any CPU
		{8F116B06-1C0E-4E4C-9A0A-D2FAB851E768}.FxCop|Any CPU.ActiveCfg = Release|Any CPU
		{8F116B06-1C0E-4E4C-9A0A-D2FAB851E768}.FxCop|Any CPU.Build.0 = Release|Any CPU
		{8F116B06-1C0E-4E4C-9A0A-D2FAB851E768}.Release|Any CPU.ActiveCfg = Release|Any CPU
		{8F116B06-1C0E-4E4C-9A0A-D2FAB851E768}.Release|Any CPU.Build.0 = Release|Any CPU
		{1C981BB3-26F7-494C-9005-CC27A5144233}.CodeCoverage|Any CPU.ActiveCfg = Release|Any CPU
		{1C981BB3-26F7-494C-9005-CC27A5144233}.CodeCoverage|Any CPU.Build.0 = Release|Any CPU
		{1C981BB3-26F7-494C-9005-CC27A5144233}.Coverage|Any CPU.ActiveCfg = Release|Any CPU
		{1C981BB3-26F7-494C-9005-CC27A5144233}.Coverage|Any CPU.Build.0 = Release|Any CPU
		{1C981BB3-26F7-494C-9005-CC27A5144233}.Debug|Any CPU.ActiveCfg = Debug|Any CPU
		{1C981BB3-26F7-494C-9005-CC27A5144233}.Debug|Any CPU.Build.0 = Debug|Any CPU
		{1C981BB3-26F7-494C-9005-CC27A5144233}.FxCop|Any CPU.ActiveCfg = Release|Any CPU
		{1C981BB3-26F7-494C-9005-CC27A5144233}.FxCop|Any CPU.Build.0 = Release|Any CPU
		{1C981BB3-26F7-494C-9005-CC27A5144233}.Release|Any CPU.ActiveCfg = Release|Any CPU
		{1C981BB3-26F7-494C-9005-CC27A5144233}.Release|Any CPU.Build.0 = Release|Any CPU
		{EA2B9121-EF54-40A6-A53E-6593C86EE696}.CodeCoverage|Any CPU.ActiveCfg = Release|Any CPU
		{EA2B9121-EF54-40A6-A53E-6593C86EE696}.CodeCoverage|Any CPU.Build.0 = Release|Any CPU
		{EA2B9121-EF54-40A6-A53E-6593C86EE696}.Coverage|Any CPU.ActiveCfg = Release|Any CPU
		{EA2B9121-EF54-40A6-A53E-6593C86EE696}.Coverage|Any CPU.Build.0 = Release|Any CPU
		{EA2B9121-EF54-40A6-A53E-6593C86EE696}.Debug|Any CPU.ActiveCfg = Debug|Any CPU
		{EA2B9121-EF54-40A6-A53E-6593C86EE696}.Debug|Any CPU.Build.0 = Debug|Any CPU
		{EA2B9121-EF54-40A6-A53E-6593C86EE696}.FxCop|Any CPU.ActiveCfg = Release|Any CPU
		{EA2B9121-EF54-40A6-A53E-6593C86EE696}.FxCop|Any CPU.Build.0 = Release|Any CPU
		{EA2B9121-EF54-40A6-A53E-6593C86EE696}.Release|Any CPU.ActiveCfg = Release|Any CPU
		{EA2B9121-EF54-40A6-A53E-6593C86EE696}.Release|Any CPU.Build.0 = Release|Any CPU
		{4BE4EB01-AC56-4048-924E-2CA77F509ABA}.CodeCoverage|Any CPU.ActiveCfg = Release|Any CPU
		{4BE4EB01-AC56-4048-924E-2CA77F509ABA}.CodeCoverage|Any CPU.Build.0 = Release|Any CPU
		{4BE4EB01-AC56-4048-924E-2CA77F509ABA}.Coverage|Any CPU.ActiveCfg = Release|Any CPU
		{4BE4EB01-AC56-4048-924E-2CA77F509ABA}.Coverage|Any CPU.Build.0 = Release|Any CPU
		{4BE4EB01-AC56-4048-924E-2CA77F509ABA}.Debug|Any CPU.ActiveCfg = Debug|Any CPU
		{4BE4EB01-AC56-4048-924E-2CA77F509ABA}.Debug|Any CPU.Build.0 = Debug|Any CPU
		{4BE4EB01-AC56-4048-924E-2CA77F509ABA}.FxCop|Any CPU.ActiveCfg = Release|Any CPU
		{4BE4EB01-AC56-4048-924E-2CA77F509ABA}.FxCop|Any CPU.Build.0 = Release|Any CPU
		{4BE4EB01-AC56-4048-924E-2CA77F509ABA}.Release|Any CPU.ActiveCfg = Release|Any CPU
		{4BE4EB01-AC56-4048-924E-2CA77F509ABA}.Release|Any CPU.Build.0 = Release|Any CPU
		{D5D447D7-EF8E-43A6-B9A4-3B025DD9F45D}.CodeCoverage|Any CPU.ActiveCfg = Release|Any CPU
		{D5D447D7-EF8E-43A6-B9A4-3B025DD9F45D}.CodeCoverage|Any CPU.Build.0 = Release|Any CPU
		{D5D447D7-EF8E-43A6-B9A4-3B025DD9F45D}.Coverage|Any CPU.ActiveCfg = Release|Any CPU
		{D5D447D7-EF8E-43A6-B9A4-3B025DD9F45D}.Coverage|Any CPU.Build.0 = Release|Any CPU
		{D5D447D7-EF8E-43A6-B9A4-3B025DD9F45D}.Debug|Any CPU.ActiveCfg = Debug|Any CPU
		{D5D447D7-EF8E-43A6-B9A4-3B025DD9F45D}.Debug|Any CPU.Build.0 = Debug|Any CPU
		{D5D447D7-EF8E-43A6-B9A4-3B025DD9F45D}.FxCop|Any CPU.ActiveCfg = Release|Any CPU
		{D5D447D7-EF8E-43A6-B9A4-3B025DD9F45D}.FxCop|Any CPU.Build.0 = Release|Any CPU
		{D5D447D7-EF8E-43A6-B9A4-3B025DD9F45D}.Release|Any CPU.ActiveCfg = Release|Any CPU
		{D5D447D7-EF8E-43A6-B9A4-3B025DD9F45D}.Release|Any CPU.Build.0 = Release|Any CPU
		{194D3CCC-1153-474D-8176-FDE8D7D0D0BD}.CodeCoverage|Any CPU.ActiveCfg = Release|Any CPU
		{194D3CCC-1153-474D-8176-FDE8D7D0D0BD}.CodeCoverage|Any CPU.Build.0 = Release|Any CPU
		{194D3CCC-1153-474D-8176-FDE8D7D0D0BD}.Coverage|Any CPU.ActiveCfg = Release|Any CPU
		{194D3CCC-1153-474D-8176-FDE8D7D0D0BD}.Coverage|Any CPU.Build.0 = Release|Any CPU
		{194D3CCC-1153-474D-8176-FDE8D7D0D0BD}.Debug|Any CPU.ActiveCfg = Debug|Any CPU
		{194D3CCC-1153-474D-8176-FDE8D7D0D0BD}.Debug|Any CPU.Build.0 = Debug|Any CPU
		{194D3CCC-1153-474D-8176-FDE8D7D0D0BD}.FxCop|Any CPU.ActiveCfg = Release|Any CPU
		{194D3CCC-1153-474D-8176-FDE8D7D0D0BD}.FxCop|Any CPU.Build.0 = Release|Any CPU
		{194D3CCC-1153-474D-8176-FDE8D7D0D0BD}.Release|Any CPU.ActiveCfg = Release|Any CPU
		{194D3CCC-1153-474D-8176-FDE8D7D0D0BD}.Release|Any CPU.Build.0 = Release|Any CPU
		{C0C45321-B51D-4D8D-9B7B-AA4C2E0B2962}.CodeCoverage|Any CPU.ActiveCfg = Release|Any CPU
		{C0C45321-B51D-4D8D-9B7B-AA4C2E0B2962}.CodeCoverage|Any CPU.Build.0 = Release|Any CPU
		{C0C45321-B51D-4D8D-9B7B-AA4C2E0B2962}.Coverage|Any CPU.ActiveCfg = Release|Any CPU
		{C0C45321-B51D-4D8D-9B7B-AA4C2E0B2962}.Coverage|Any CPU.Build.0 = Release|Any CPU
		{C0C45321-B51D-4D8D-9B7B-AA4C2E0B2962}.Debug|Any CPU.ActiveCfg = Debug|Any CPU
		{C0C45321-B51D-4D8D-9B7B-AA4C2E0B2962}.Debug|Any CPU.Build.0 = Debug|Any CPU
		{C0C45321-B51D-4D8D-9B7B-AA4C2E0B2962}.FxCop|Any CPU.ActiveCfg = Release|Any CPU
		{C0C45321-B51D-4D8D-9B7B-AA4C2E0B2962}.FxCop|Any CPU.Build.0 = Release|Any CPU
		{C0C45321-B51D-4D8D-9B7B-AA4C2E0B2962}.Release|Any CPU.ActiveCfg = Release|Any CPU
		{C0C45321-B51D-4D8D-9B7B-AA4C2E0B2962}.Release|Any CPU.Build.0 = Release|Any CPU
		{AB3C207C-0126-4143-8D62-1119DF80D366}.CodeCoverage|Any CPU.ActiveCfg = Release|Any CPU
		{AB3C207C-0126-4143-8D62-1119DF80D366}.CodeCoverage|Any CPU.Build.0 = Release|Any CPU
		{AB3C207C-0126-4143-8D62-1119DF80D366}.Coverage|Any CPU.ActiveCfg = Release|Any CPU
		{AB3C207C-0126-4143-8D62-1119DF80D366}.Coverage|Any CPU.Build.0 = Release|Any CPU
		{AB3C207C-0126-4143-8D62-1119DF80D366}.Debug|Any CPU.ActiveCfg = Debug|Any CPU
		{AB3C207C-0126-4143-8D62-1119DF80D366}.Debug|Any CPU.Build.0 = Debug|Any CPU
		{AB3C207C-0126-4143-8D62-1119DF80D366}.FxCop|Any CPU.ActiveCfg = Release|Any CPU
		{AB3C207C-0126-4143-8D62-1119DF80D366}.FxCop|Any CPU.Build.0 = Release|Any CPU
		{AB3C207C-0126-4143-8D62-1119DF80D366}.Release|Any CPU.ActiveCfg = Release|Any CPU
		{AB3C207C-0126-4143-8D62-1119DF80D366}.Release|Any CPU.Build.0 = Release|Any CPU
		{EA4F1DA7-F2AB-4384-9AA4-9B756E2026B1}.CodeCoverage|Any CPU.ActiveCfg = Release|Any CPU
		{EA4F1DA7-F2AB-4384-9AA4-9B756E2026B1}.CodeCoverage|Any CPU.Build.0 = Release|Any CPU
		{EA4F1DA7-F2AB-4384-9AA4-9B756E2026B1}.Coverage|Any CPU.ActiveCfg = Release|Any CPU
		{EA4F1DA7-F2AB-4384-9AA4-9B756E2026B1}.Coverage|Any CPU.Build.0 = Release|Any CPU
		{EA4F1DA7-F2AB-4384-9AA4-9B756E2026B1}.Debug|Any CPU.ActiveCfg = Debug|Any CPU
		{EA4F1DA7-F2AB-4384-9AA4-9B756E2026B1}.Debug|Any CPU.Build.0 = Debug|Any CPU
		{EA4F1DA7-F2AB-4384-9AA4-9B756E2026B1}.FxCop|Any CPU.ActiveCfg = Release|Any CPU
		{EA4F1DA7-F2AB-4384-9AA4-9B756E2026B1}.FxCop|Any CPU.Build.0 = Release|Any CPU
		{EA4F1DA7-F2AB-4384-9AA4-9B756E2026B1}.Release|Any CPU.ActiveCfg = Release|Any CPU
		{EA4F1DA7-F2AB-4384-9AA4-9B756E2026B1}.Release|Any CPU.Build.0 = Release|Any CPU
	EndGlobalSection
	GlobalSection(SolutionProperties) = preSolution
		HideSolutionNode = FALSE
	EndGlobalSection
	GlobalSection(NestedProjects) = preSolution
		{79AED36E-ABD0-4747-93D3-8722B042454B} = {E9C9F120-07BA-4DFB-B9C3-3AFB9D44C9D5}
		{D10AD48F-407D-4DB5-A328-173EC7CB010F} = {E9C9F120-07BA-4DFB-B9C3-3AFB9D44C9D5}
		{8C7FCBC2-E6E1-405E-BFB5-D8D9E67A09C4} = {E9C9F120-07BA-4DFB-B9C3-3AFB9D44C9D5}
		{CDE24A24-01D3-403C-84B9-37722E18DFB7} = {E9C9F120-07BA-4DFB-B9C3-3AFB9D44C9D5}
		{17F86780-9A1F-4AA1-86F1-875EEC2730C7} = {E9C9F120-07BA-4DFB-B9C3-3AFB9D44C9D5}
		{DFD137A2-DDB5-4D22-BE0D-FA9AD4C8B059} = {E9C9F120-07BA-4DFB-B9C3-3AFB9D44C9D5}
		{0E7646E8-FE8F-43C1-8799-D97860925EC4} = {E9C9F120-07BA-4DFB-B9C3-3AFB9D44C9D5}
		{63FBD4D9-E1DA-4A7B-AA6A-D6074FE50867} = {E9C9F120-07BA-4DFB-B9C3-3AFB9D44C9D5}
		{5D0F00F0-26C9-4785-AD61-B85710C60EB0} = {E9C9F120-07BA-4DFB-B9C3-3AFB9D44C9D5}
		{954CA994-D204-468B-9D69-51F6AD3E1C29} = {E9C9F120-07BA-4DFB-B9C3-3AFB9D44C9D5}
		{72457126-E118-4171-A08F-9A709EE4B7FC} = {E9C9F120-07BA-4DFB-B9C3-3AFB9D44C9D5}
		{D9A7B330-CD22-4DA1-A95A-8DE1982AD8EB} = {E9C9F120-07BA-4DFB-B9C3-3AFB9D44C9D5}
		{05660F47-D649-48BD-9DED-DF4E01E7CFF9} = {E9C9F120-07BA-4DFB-B9C3-3AFB9D44C9D5}
		{14C049FD-B35B-415A-A824-87F26B26E7FD} = {E9C9F120-07BA-4DFB-B9C3-3AFB9D44C9D5}
		{8F116B06-1C0E-4E4C-9A0A-D2FAB851E768} = {E9C9F120-07BA-4DFB-B9C3-3AFB9D44C9D5}
		{1C981BB3-26F7-494C-9005-CC27A5144233} = {E9C9F120-07BA-4DFB-B9C3-3AFB9D44C9D5}
		{EA2B9121-EF54-40A6-A53E-6593C86EE696} = {E9C9F120-07BA-4DFB-B9C3-3AFB9D44C9D5}
		{4BE4EB01-AC56-4048-924E-2CA77F509ABA} = {E9C9F120-07BA-4DFB-B9C3-3AFB9D44C9D5}
		{D5D447D7-EF8E-43A6-B9A4-3B025DD9F45D} = {E9C9F120-07BA-4DFB-B9C3-3AFB9D44C9D5}
		{194D3CCC-1153-474D-8176-FDE8D7D0D0BD} = {E9C9F120-07BA-4DFB-B9C3-3AFB9D44C9D5}
		{C0C45321-B51D-4D8D-9B7B-AA4C2E0B2962} = {E9C9F120-07BA-4DFB-B9C3-3AFB9D44C9D5}
		{AB3C207C-0126-4143-8D62-1119DF80D366} = {E9C9F120-07BA-4DFB-B9C3-3AFB9D44C9D5}
		{EA4F1DA7-F2AB-4384-9AA4-9B756E2026B1} = {E9C9F120-07BA-4DFB-B9C3-3AFB9D44C9D5}
		{ABC826D4-2FA1-4F2F-87DE-E6095F653810} = {74E681ED-FECC-4034-B9BD-01B0BB1BDECA}
		{F112851D-B023-4746-B6B1-8D2E5AD8F7AA} = {74E681ED-FECC-4034-B9BD-01B0BB1BDECA}
		{6CB3EB30-F725-45C0-9742-42599BA8E8D2} = {74E681ED-FECC-4034-B9BD-01B0BB1BDECA}
		{2FC1D9C8-446D-4414-B252-5E9FBE61EB63} = {74E681ED-FECC-4034-B9BD-01B0BB1BDECA}
		{7354DF37-934B-46CF-A13C-455D5F5F5413} = {74E681ED-FECC-4034-B9BD-01B0BB1BDECA}
		{94E694A2-D140-468D-A277-C5FCE1D13E9B} = {74E681ED-FECC-4034-B9BD-01B0BB1BDECA}
		{5E5E7A21-C7B2-44D8-8593-2F9541AE041D} = {383DBA32-4A3E-48D1-AAC3-75377A694452}
		{4AB4B5B6-277E-4FF6-B69B-7AE9E16D2A56} = {383DBA32-4A3E-48D1-AAC3-75377A694452}
		{33B1BC8D-E292-4972-A363-22056B207156} = {383DBA32-4A3E-48D1-AAC3-75377A694452}
		{8A4E42CE-79F8-4BE2-8B1E-A6B83432123B} = {383DBA32-4A3E-48D1-AAC3-75377A694452}
		{0DFA2E10-96C8-4E05-BC10-B710B97ECCDE} = {383DBA32-4A3E-48D1-AAC3-75377A694452}
	EndGlobalSection
EndGlobal
